accounting
 [X] 0001_squashed_0052_ensure_report_builder_plans
 [X] 0002_auto_20170222_2008
 [X] 0003_auto_20170328_2102
 [X] 0004_auto_20170404_0028
 [X] 0005_automatic_downgrade_adjustment_method
 [X] 0006_unique_active_domain_subscription
 [X] 0007_practice_mobile_workers
 [X] 0008_update_report_builder_included_feature_numbers
 [X] 0009_make_billingaccount_name_unique
 [X] 0010_remove_softwareproduct_product_type
 [X] 0011_remove_softwareproduct
 [X] 0012_replace__product_type__with__is_product
 [X] 0013_subscription_dates_check
 [X] 0014_paymentmethod__web_user__nonnullable
 [X] 0015_grandfather_login_as
 [X] 0016_grandfather_reportbuilder_5_pro
 [X] 0017_nonnullable_char_fields
 [X] 0018_alter_nonnullable_char_fields
 [X] 0019_standard_pricing_march_2018
 [X] 0020_payment_method__unique_together
 [X] 0021_standard_user_limit_march_2018
 [X] 0022_add__skip_auto_downgrade_reason
 [X] 0023_auto_20180501_1813
 [X] 0024_unique__transaction_id
 [X] 0025_auto_20180508_1952
 [X] 0026_auto_20180508_1956
 [X] 0027_auto_20180509_1857
 [X] 0028_auto_20180604_1757
 [X] 0029_auto_20180605_1826
 [X] 0030_softwareplan_max_domains
 [X] 0031_billingaccount_billing_admin_emails
 [X] 0032_customerinvoice_squashed_0036_customerbillingrecord
 [X] 0033_auto_20180709_1837
 [X] 0034_remove_subscription_date_delay_invoicing
 [X] 0032_billingaccount_invoicing_plan
 [X] 0034_merge_20180711_1828
 [X] 0035_merge_20180711_2039
 [X] 0036_domainuserhistory
 [X] 0035_enterprise_settings
 [X] 0037_merge_20180807_0915
 [X] 0038_remove_billingaccount_restrict_signup_email
 [X] 0039_auto_20180828_2258
 [X] 0040_auto_20181002_1721
 [X] 0041_auto_20190130_1709
 [X] 0042_domain_user_history__unique__and__nonnullable
 [X] 0043_grandfather_case_privs
 [X] 0044_grandfather_odata_privs
 [X] 0045_grandfather_data_forwarding_privs
 [X] 0046_new_plans
 [X] 0047_invoice_communication
 [X] 0048_friendly_writeoff
 [X] 0049_auto_20200924_1753
 [X] 0050_app_user_profiles
 [X] 0051_hubspot_restrictions
 [X] 0052_geocoder_permissions
 [X] 0053_app_user_profiles_advanced
 [X] 0054_default_export_settings
 [X] 0055_linked_projects
 [X] 0056_add_release_management
 [X] 0057_add_sms_report_toggle
admin
 [X] 0001_initial
 [X] 0002_logentry_remove_auto_add
 [X] 0003_logentry_add_action_flag_choices
aggregate_ucrs
 [X] 0001_initial_squashed_0008_auto_20180625_1105 (8 squashed migrations)
 [X] 0002_auto_20180827_1148
api
 [X] 0001_initial
 [X] 0002_alter_permissions
 [X] 0003_populate_apiuser
 [X] 0004_rename_apiuser
app_manager
 [X] 0001_linked_app_domain
 [X] 0002_latestenabledbuildprofiles
 [X] 0003_auto_20190326_0853
 [X] 0004_latestenabledbuildprofiles_active
 [X] 0005_latestenabledbuildprofiles_domain
 [X] 0006_multi_master_linked_apps
 [X] 0007_add_linked_app_fields_to_es
 [X] 0008_remove_uses_master_app_form_ids
 [X] 0009_resourceoverride
 [X] 0010_run_add_resource_overrides
 [X] 0009_add_sqlglobalappconfig
 [X] 0010_merge_20191211_1921
 [X] 0011_merge_20191212_0936
 [X] 0010_sqlglobalappconfig
 [X] 0011_merge_20191212_0106
 [X] 0012_merge_20191217_0605
 [X] 0013_rename_sqlglobalappconfig
 [X] 0014_create_exchangeapplication
 [X] 0015_alter_exchangeapplication
 [X] 0016_alter_exchangeapplication
 [X] 0017_migrate_case_search_relevant
 [X] 0018_migrate_case_search_labels
 [X] 0019_exchangeapplication_required_privileges
 [X] 0020_exchangeapplication_allow_blank_privilege
auditcare
 [X] 0001_sqlmodels
 [X] 0002_uniques
 [X] 0003_truncatechars
 [X] 0004_add_couch_id
 [X] 0005_auditcaremigrationmeta
 [X] 0006_auto_20210811_1215
auth
 [X] 0001_initial
 [X] 0002_alter_permission_name_max_length
 [X] 0003_alter_user_email_max_length
 [X] 0004_alter_user_username_opts
 [X] 0005_alter_user_last_login_null
 [X] 0006_require_contenttypes_0002
 [X] 0007_alter_validators_add_error_messages
 [X] 0008_alter_user_username_max_length
 [X] 0009_alter_user_last_name_max_length
 [X] 0010_alter_group_name_max_length
 [X] 0011_update_proxy_permissions
blobs
 [X] 0001_squashed_0009_domains
 [X] 0002_blobmeta
 [X] 0003_big_content
 [X] 0004_blobmeta_form_attachments
 [X] 0005_negative_id
 [X] 0006_restrict_form_attachments
 [X] 0007_drop_blobmeta_view
 [X] 0008_deletedblobmeta
 [X] 0009_delete_blobexpiration
 [X] 0010_auto_20191023_0938
 [X] 0011_blobmeta_compressed
captcha
 [X] 0001_initial
case_importer
 [X] 0001_initial
 [X] 0002_auto_20161206_1937
 [X] 0003_caseuploadrecord_couch_user_id
 [X] 0004_caseuploadrecord_case_type
 [X] 0005_caseuploadfilemeta
 [X] 0006_caseuploadrecord_upload_file_meta
 [X] 0007_auto_20161209_2004
 [X] 0008_caseuploadrecord_task_status_json
 [X] 0009_caseuploadrecord_comment
 [X] 0010_caseuploadformrecord
 [X] 0011_update_blob_paths
 [X] 0012_auto_20190405_1747
 [X] 0013_make_duplicates_errors
case_search
 [X] 0001_initial
 [X] 0002_auto_20161114_1901
 [X] 0003_casesearchqueryaddition
 [X] 0004_auto_20170518_2018
 [X] 0005_migrate_json_config
 [X] 0006_remove_casesearchconfig__config
 [X] 0007_auto_20170522_1506
 [X] 0008_auto_20180119_1716
 [X] 0009_delete_casesearchqueryaddition
cleanup
 [X] 0001_convert_change_feed_checkpoint_to_sql
 [X] 0002_convert_mc_checkpoint_to_sql
 [X] 0003_convert_fluff_checkpoints_to_sql
 [X] 0004_convert_ucr_checkpoints_to_sql
 [X] 0005_convert_mvp_checkpoints_to_sql
 [X] 0006_convert_report_es_checkpoints_to_sql
 [X] 0007_convert_es_checkpoints_to_sql
 [X] 0008_convert_sofabed_checkpoints_to_sql
 [X] 0009_convert_final_checkpoints_to_sql
 [X] 0010_rename_default_change_feed_checkpoint
 [X] 0011_merge_couch_sql_pillows
 [X] 0012_add_es_index_to_checkpoint_ids
 [X] 0013_migrate_kafka_checkpoint_format
cloudcare
 [X] 0001_initial
 [X] 0002_sqlapplicationaccess
 [X] 0003_rename_sqlapplicationaccess
commtrack
 [X] 0001_initial
 [X] 0002_stockstate_last_modified_form_id
 [X] 0003_create_config_models
 [X] 0004_update_overstock_threshold
 [X] 0005_populate_config_models
 [X] 0006_remove_sqlcommtrackconfig_couch_id
 [X] 0007_rename_sql_models
 [X] 0008_delete_stockstate
consumption
 [X] 0001_initial
 [X] 0002_populate_sqldefaultconsumption
 [X] 0003_remove_sqldefaultconsumption_couch_id
 [X] 0004_rename_sqldefaultconsumption
contenttypes
 [X] 0001_initial
 [X] 0002_remove_content_type_name
couchforms
 [X] 0001_initial
 [X] 0002_auto_20170802_1505
 [X] 0003_auto_20170808_1212
 [X] 0004_unfinishedarchivestub
 [X] 0005_index_cleanup
 [X] 0006_unfinishedarchivestub_attempts
 [X] 0007_auto_20191210_2206
 [X] 0008_auto_20200701_0742
custom_data_fields
 [X] 0001_initial
 [X] 0002_populate_customdatafieldsdefinition
 [X] 0003_remove_sqlcustomdatafieldsdefinition_couch_id
 [X] 0004_rename_tables
 [X] 0005_customdatafieldsprofile
 [X] 0006_auto_20200924_1753
data_analytics
 [X] 0001_squashed_0004_auto_20150810_1710
 [X] 0002_maltrow_threshold
 [X] 0003_auto_20160205_0927
 [X] 0004_experienced_threshold
 [X] 0005_girrow
 [X] 0006_unique_girrow
 [X] 0007_auto_20160819_1423
 [X] 0008_auto_20161114_1903
 [X] 0009_remove_girrow_wam
data_dictionary
 [X] 0001_squashed_0002_auto_20161116_2209
 [X] 0002_auto_20161118_1537
 [X] 0003_auto_20161128_2047
 [X] 0004_auto_20161130_2125
 [X] 0005_casetype_fully_generated
 [X] 0006_caseproperty_group
 [X] 0007_property_type_choices
data_interfaces
 [X] 0001_initial
 [X] 0002_remove_exists_option
 [X] 0003_update__automaticupdaterulecriteria__match_type__choices
 [X] 0004_optional_modified_date_and_prop_type_choices
 [X] 0005_remove_match_type_choices
 [X] 0006_case_rule_refactor
 [X] 0007_logging_models
 [X] 0008_update_case_rulesubmission
 [X] 0009_scheduling_integration
 [X] 0010_automaticupdaterule_workflow
 [X] 0011_domaincaserulerun_num_creates
 [X] 0012_createscheduleinstanceactiondefinition_reset_case_property_name
 [X] 0013_createscheduleinstanceactiondefinition_scheduler_module_info
 [X] 0014_createscheduleinstanceactiondefinition_start_date_case_property
 [X] 0015_automaticupdaterule_locked_for_editing
 [X] 0016_createscheduleinstanceactiondefinition_specific_start_date
 [X] 0017_alter_domaincaserulerun
 [X] 0018_check_for_rule_migration
 [X] 0019_remove_old_rule_models
 [X] 0020_make_migrated_nullable
 [X] 0021_remove_automaticupdaterule_migrated
 [X] 0022_domaincaserulerun_case_type
 [X] 0023_auto_20210914_1726
 [X] 0024_add_automaticupdaterule_upstream_id
 [X] 0025_domaincaserulerun_num_errors
dhis2
 [X] 0001_initial
 [X] 0002_auto_20170322_1323
 [X] 0003_jsonapilog_log_level
 [X] 0004_auto_20171122_0827
 [X] 0005_delete_jsonapilog
 [X] 0006_sqldhis2connection
 [X] 0007_populate_sqldhis2connection
 [X] 0008_rename_sqldhis2connection
 [X] 0009_sqldatasetmap_sqldatavaluemap
 [X] 0010_populate_sqldatasetmap
 [X] 0011_delete_dhis2connection
 [X] 0012_add_complete_date_column_to_sql_dataset_map
django_celery_results
 [X] 0001_initial
 [X] 0002_add_task_name_args_kwargs
 [X] 0003_auto_20181106_1101
django_digest
 [X] 0001_initial
django_prbac
 [X] 0001_initial
domain
 [X] 0001_initial
 [X] 0002_auto_20171020_1428
 [X] 0003_auto_20180525_1551
 [X] 0004_domainauditrecordentry
 [X] 0005_ga_opt_out
 [X] 0006_fix_domain_es_docs
 [X] 0007_auto_20200924_1753
 [X] 0008_use_livequery
 [X] 0009_restrict_mob_access_from_FF
domain_migration_flags
 [X] 0001_initial
 [X] 0002_migrate_data_from_tzmigration
 [X] 0003_add_migration_dates
dropbox
 [X] 0001_initial
enterprise
 [X] 0001_initial
 [X] 0002_enterprisepermissions_account_unique
 [X] 0003_enterprisepermissions_modify_account
export
 [X] 0001_initial
 [X] 0002_datafile
 [X] 0003_emailexportwhendonerequest
 [X] 0004_datafile_delete_after
 [X] 0005_datafile_blobmeta
 [X] 0006_delete_dailysavedexportnotification
 [X] 0007_auto_20190906_0149
 [X] 0008_auto_20190906_2008
 [X] 0009_incrementalexport_incrementalexportcheckpoint
 [X] 0010_defaultexportsettings
 [X] 0011_defaultexportsettings_usecouchfiletypes
 [X] 0012_defaultexportsettings_remove_duplicates_option
fhir
 [X] 0001_initial
 [X] 0002_fhirresourcetype
 [X] 0003_auto_20210319_0948
 [X] 0004_remove_fhirresourcetype_template
 [X] 0005_fhirimportconfig
 [X] 0006_fhirimportresourcetype_resourcetyperelationship
 [X] 0007_fhirimportresourceproperty
 [X] 0008_blank_search_params
 [X] 0009_resourcetyperelationship_related_resource_is_parent
 [X] 0010_fhirimportconfig_frequency_choices
 [X] 0011_fhirimportconfig_owner_type
fixtures
 [X] 0001_initial
 [X] 0002_rm_blobdb_domain_fixtures
 [X] 0003_rm_blobdb_domain_fixtures
form_processor
 [X] 0001_initial
 [X] 0002_xformattachmentsql
 [X] 0003_auto_20151104_2226
 [X] 0004_create_commcarecasesql
 [X] 0005_make_case_uuid_unique_indexed
 [X] 0006_commcarecaseindexsql
 [X] 0007_index_case_uuid_on_commcarecaseindex
 [X] 0008_add_index_for_caseforms_case_uuid
 [X] 0009_add_xform_operation_model_and_state
 [X] 0010_add_auth_and_openrosa_fields
 [X] 0011_add_fields_for_deprecation
 [X] 0012_xforminstancesql_problem
 [X] 0013_caseattachmentsql
 [X] 0014_caseattachmentsql_index_on_foreign_key
 [X] 0015_change_related_names_for_form_attachment
 [X] 0016_index_case_attachment_uuid
 [X] 0017_problem_to_text_field
 [X] 0018_xforminstancesql_user_id
 [X] 0019_allow_closed_by_null
 [X] 0020_rename_index_relationship
 [X] 0021_change_case_forms_related_name
 [X] 0022_set_default_value_for_case_json
 [X] 0023_make_case_name_top_level
 [X] 0024_rename_case_type
 [X] 0025_caseforms_server_date
 [X] 0026_caseforms_to_casetransaction
 [X] 0027_allow_null_form_uuid_in_case_transaction
 [X] 0025_add_dict_defaults_for_xform
 [X] 0026_xforminstancesql_initial_processing_complete
 [X] 0028_merge
 [X] 0029_drop_not_null_from_opened_on_by
 [X] 0030_casetransaction_revoked
 [X] 0031_add_details_field_to_case_transaction
 [X] 0032_change_transaction_related_name
 [X] 0033_commcarecasesql_location_uuid
 [X] 0034_location_id_index
 [X] 0035_remove_varchar_pattern_ops_indexes
 [X] 0036_cleanup_models
 [X] 0037_get_form_by_id_fn
 [X] 0038_form_functions
 [X] 0039_auto_20151130_1748
 [X] 0039_case_functions
 [X] 0040_save_functions
 [X] 0041_noop_specify_table_names
 [X] 0042_change_choice_values
 [X] 0043_rename_to_match
 [X] 0044_remove_foreign_key_to_case
 [X] 0045_casetransaction_sync_log_id
 [X] 0046_add_not_null_constraint_to_owner_id
 [X] 0047_add_deleted_state
 [X] 0048_attachment_content_length_blob_id
 [X] 0049_case_attachment_props
 [X] 0050_allow_null_content_type
 [X] 0051_auto_20160224_0922
 [X] 0052_auto_20160224_1011
 [X] 0053_add_deletion_fields
 [X] 0054_ledgertransaction
 [X] 0055_daily_consumption
 [X] 0056_last_modified_form_id
 [X] 0057_ledger_value_domain_location
 [X] 0058_update_indexes
 [X] 0059_remove_ledgervalue_location_id
 [X] 0060_convert_case_ids_to_foreign_keys
 [X] 0061_blob_bucket
 [X] 0062_auto_20160905_0938
 [X] 0063_auto_20160908_0954
 [X] 0064_auto_20170725_0943
 [X] 0065_auto_20170725_1339
 [X] 0066_auto_20170818_2020
 [X] 0067_auto_20170915_1506
 [X] 0068_xforminstancesql_modified_on
 [X] 0069_add_metafields
 [X] 0070_auto_20180329_1016
 [X] 0071_case_attachment_refactor
 [X] 0072_case_attachment_drops
 [X] 0073_drop_case_uuid_like_index
 [X] 0074_casetransaction__client_date
 [X] 0075_auto_20181026_0951
 [X] 0076_form_attachment_fk
 [X] 0077_null_properties
 [X] 0078_blobmeta_migrated_check
 [X] 0079_add_xmlns_index
 [X] 0080_migrate_delta_1_add_column
 [X] 0081_migrate_delta_2_create_trigger
 [X] 0082_migrate_delta_3_backfill_notnull
 [X] 0083_migrate_delta_4_switch_columns
 [X] 0084_migrate_delta_5_alter_field
 [X] 0085_migrate_balance_1_add_column
 [X] 0086_migrate_balance_2_create_trigger
 [X] 0087_migrate_balance_3_backfill_notnull
 [X] 0088_migrate_balance_4_switch_columns
 [X] 0089_migrate_balance_5_alter_field
 [X] 0090_auto_20190523_0833
 [X] 0091_auto_20190603_2023
 [X] 0092_auto_20200924_1753
hqadmin
 [X] 0001_initial
 [X] 0002_vcmmigrationaudit
 [X] 0003_auto_20160715_1543
 [X] 0004_auto_20160715_1547
 [X] 0005_auto_20160715_1612
 [X] 0006_esrestorepillowcheckpoints
 [X] 0007_esrestorepillowcheckpoint_datefield
 [X] 0008_delete_vcmmigration
 [X] 0009_auto_20170315_1322
 [X] 0010_sqlhqdeploy
 [X] 0011_alter_hqdeploy_environment
 [X] 0012_alter_hqdeploy_diffurl
 [X] 0013_populate_sqlhqdeploy
 [X] 0014_remove_sqlhqdeploy_couch_id
 [X] 0015_rename_sqlhqdeploy
 [X] 0016_hqdeploy_ordering
 [X] 0017_hqdeploy_commit
 [X] 0018_back_populate_deploy_commit
 [X] 0019_celery_taskmeta_sequence
 [X] 0020_celery_results_sequence
hqwebapp
 [X] 0001_initial
 [X] 0002_auto_20171121_1803
 [X] 0003_maintenancealert_domains
 [X] 0004_apikeysettings
 [X] 0005_delete_apikeysettings
 [X] 0006_create_user_access_log
 [X] 0007_user_access_agent
 [X] 0008_hqoauthapplication
integration
 [X] 0001_initial
 [X] 0002_dialersettings
 [X] 0003_hmaccalloutsettings
 [X] 0004_gaenotpserversettings
 [X] 0005_gaenotpserversettings_server_type
ivr
 [X] 0001_initial
 [X] 0002_call_app_id
linked_domain
 [X] 0001_initial
 [X] 0002_migrate_linked_apps
 [X] 0003_auto_20180207_0857
 [X] 0004_domainlinkhistory
 [X] 0005_migrate_linked_app_toggle
 [X] 0006_auto_20180208_1139
 [X] 0007_auto_20180215_1434
 [X] 0008_hidden_history
 [X] 0008_auto_20190405_1747
 [X] 0009_merge_20190408_1729
 [X] 0010_auto_20200622_0156
 [X] 0011_auto_20200728_2316
 [X] 0012_auto_20200929_0809
 [X] 0013_auto_20201005_2215
 [X] 0014_auto_20210503_1758
 [X] 0015_add_previews_to_choices_20210617_2010
 [X] 0016_reorder_history_model_choices
 [X] 0017_add_tableau_choice_20210720_1908
 [X] 0018_auto_20210806_1526
 [X] 0019_update_remote_base_url_help_text
 [X] 0020_auto_20211102_1501
locations
 [X] 0001_initial
 [X] 0002_auto_20160420_2105
 [X] 0003_remove_null_True
 [X] 0004_auto_20160914_2030
 [X] 0005_locationtype_include_without_expanding
 [X] 0006_locationfixtureconfiguration
 [X] 0007_add_blank_true
 [X] 0008_increase_name_max_length
 [X] 0009_create_location_index
 [X] 0009_add_location_user_fields
 [X] 0010_merge_20170511_0724
 [X] 0011_locationtype_include_only
 [X] 0012_get_location_fixture_ids
 [X] 0013_rm_mptt_fields
 [X] 0013_adding_indices_for_warehouse
 [X] 0014_merge_20180601_0608
 [X] 0015_create_related_locations
 [X] 0016_locationrelation_distance
 [X] 0017_locationrelation_last_modified
 [X] 0018_auto_20200430_1601
 [X] 0019_auto_20200924_1753
 [X] 0020_delete_locationrelation
mobile_auth
 [X] 0001_initial
 [X] 0002_delete_sqlmobileauthkeyrecord
motech
 [X] 0001_initial
 [X] 0002_requestlog_payload_id
 [X] 0003_auto_20200102_1006
 [X] 0004_connectionsettings
 [X] 0005_requestlog_request_body
 [X] 0006_connection_settings
 [X] 0007_auto_20200909_2138
 [X] 0008_requestlog_response_headers
 [X] 0009_auto_20211122_2011
 [X] 0010_auto_20211124_1931
notifications
 [X] 0001_squashed_0003_auto_20160504_2049 (3 squashed migrations)
 [X] 0002_auto_20160505_2058
 [X] 0003_lastseennotification
 [X] 0004_auto_20160830_2002
 [X] 0005_domain_specific_notifications
 [X] 0006_add_billing_type
 [X] 0007_auto_20170704_1643
oauth2_provider
 [X] 0001_initial
 [X] 0002_auto_20190406_1805
 [X] 0003_auto_20201211_1314
 [X] 0004_auto_20200902_2022
ota
 [X] 0001_initial
 [X] 0002_alter_db_index
 [X] 0003_add_serial_id_model
 [X] 0004_mobilerecoverymeasure
 [X] 0005_rm_max_length_from_integer
 [X] 0006_one_reinstall_measure
 [X] 0007_update_blob_paths
 [X] 0008_auto_20190108_1808
 [X] 0009_devicelogrequest
 [X] 0010_alter_devicelogrequest
 [X] 0011_remove_devicelogrequest_deviceid
otp_static
 [X] 0001_initial
 [X] 0002_throttling
otp_totp
 [X] 0001_initial
 [X] 0002_auto_20190420_0723
phone
 [X] 0001_initial
 [X] 0002_synclogsql
 [X] 0003_auto_20190405_1752
 [X] 0004_auto_20191021_1308
 [X] 0005_auto_20210119_1001
 [X] 0006_synclogsql_auth_type
 [X] 0007_delete_ownershipcleanlinessflag
phonelog
 [X] 0001_initial
 [X] 0002_auto_20160219_0951
 [X] 0003_auto_20160225_0420
 [X] 0002_auto_20160218_1613
 [X] 0004_merge
 [X] 0005_add_forceclose_entry_20160408_1530
 [X] 0006_usererrorentry_context_node
 [X] 0007_devicelog_indexes
 [X] 0008_devicelog_varchar_index
 [X] 0009_userentry_server_date
 [X] 0010_rename_device_model
 [X] 0011_partition_devicelogentry
 [X] 0012_server_date_not_null
 [X] 0013_delete_olddevicereportentry
 [X] 0014_auto_20170718_2039
pillow_retry
 [X] 0001_initial
 [X] 0002_pillowerror_queued
 [X] 0003_auto_20151002_0944
 [X] 0004_auto_drop_legacy_ucr_errors
 [X] 0005_auto_20160923_1913
 [X] 0006_auto_20170615_0327
 [X] 0007_remove_pillowerror_queued
 [X] 0008_index_cleanup
 [X] 0009_pillow_error_pk_to_bigint
pillowtop
 [X] 0001_initial
 [X] 0002_djangopillowcheckpoint_sequence_format
 [X] 0003_auto_20170411_1957
 [X] 0004_offset_to_big_int
 [X] 0005_kafkacheckpoint_doc_modification_time
products
 [X] 0001_initial
project_limits
 [X] 0001_initial
 [X] 0002_ratelimitedtwofactorlog
registration
 [X] 0001_initial
 [X] 0002_alter_request_ip
 [X] 0003_populate_sqlregistrationrequest
 [X] 0004_rename_sqlregistrationrequest
 [X] 0005_asyncsignuprequest
registry
 [X] 0001_initial
 [X] 0002_registry_slug_globally_unique
 [X] 0003_schema_validation
 [X] 0004_auto_20210907_1459
 [X] 0005_auto_20210923_1036
 [X] 0006_auto_20211011_1356
 [X] 0007_delete_registrypermission
reminders
 [X] 0001_initial
repeaters
 [X] 0001_adjust_auth_field_format
 [X] 0002_sqlrepeatrecord
 [X] 0003_migrate_connectionsettings
 [X] 0004_attempt_strings
 [X] 0005_rename_repeaterstub_to_sql_repeater
reports
 [X] 0001_initial
 [X] 0002_auto_20171121_1803
 [X] 0003_multiselect_report_filters_are_lists
 [X] 0004_tableauserver_tableauvisualization
 [X] 0005_auto_20210611_1358
 [X] 0006_remove_tableauserver_allow_domain_username_override
 [X] 0007_tableauvisualization_upstream_id
saved_reports
 [X] 0001_initial
 [X] 0002_scheduledreportlog
scheduling
 [X] 0001_initial
 [X] 0002_add__custom_content__is_test
 [X] 0003_add_custom_metadata
 [X] 0004_timedschedule_start_offset
 [X] 0005_timedschedule_start_day_of_week
 [X] 0006_add_broadcast_recipients
 [X] 0007_add_schedule_ui_type
 [X] 0008_timedschedule_event_type
 [X] 0009_randomtimedevent
 [X] 0010_casepropertytimedevent
 [X] 0011_add_broadcast_deleted_flag
 [X] 0012_add_schedule_deleted_flag
 [X] 0013_advanced_survey_options
 [X] 0014_remove_is_test
 [X] 0015_rename_schedule_length_to_repeat_every
 [X] 0016_location_type_filter
 [X] 0017_update_ui_type
 [X] 0018_minutes_to_wait
 [X] 0019_add_use_utc_as_default_timezone
 [X] 0020_migratedreminder
 [X] 0021_add_user_data_filter
 [X] 0022_add_stop_date_case_property_name
 [X] 0023_add_remaining_content_models
 [X] 0024_app_id
scheduling_partitioned
 [X] 0001_initial
 [X] 0002_case_schedule_instances
 [X] 0003_add_last_reset_case_property_value
 [X] 0004_case_schedule_instance_unique_together
 [X] 0005_timed_schedule_instance_schedule_revision
 [X] 0006_unique_indexes
 [X] 0007_index_cleanup
sessions
 [X] 0001_initial
sites
 [X] 0001_initial
 [X] 0002_alter_domain_unique
sms
 [X] 0001_initial
 [X] 0002_add_selfregistrationinvitation
 [X] 0003_add_backend_models
 [X] 0004_add_sqlivrbackend_sqlkookoobackend
 [X] 0005_remove_mobilebackend_unique_constraint
 [X] 0006_add_migrationstatus
 [X] 0007_check_for_backend_migration
 [X] 0008_add_backend_mapping_unique_constraint
 [X] 0009_check_for_domain_default_backend_migration
 [X] 0010_update_sqlmobilebackend_couch_id
 [X] 0011_alter_inbound_api_key
 [X] 0012_add_lastreadmessage_expectedcallback
 [X] 0013_check_for_log_migration
 [X] 0014_add_queuedsms
 [X] 0015_rename_phonenumber_to_phoneblacklist
 [X] 0016_add_phonenumber
 [X] 0017_update_phoneblacklist
 [X] 0018_check_for_phone_number_migration
 [X] 0019_add_new_registration_invitation_fields
 [X] 0020_remove_selfregistrationinvitation_odk_url
 [X] 0021_add_keyword
 [X] 0022_keyword_last_modified
 [X] 0023_check_for_keyword_migration
 [X] 0024_add_is_two_way
 [X] 0025_add_custom_metadata
 [X] 0026_add_messagingsubevent_case_id_index
 [X] 0027_ivorycoastmtnbackend
 [X] 0028_messagingevent_source
 [X] 0029_daily_outbound_sms_limit_reached
 [X] 0030_karixbackend
 [X] 0031_airteltclbackend
 [X] 0032_couch_id_blank
 [X] 0033_starfishbackend
 [X] 0034_auto_20191007_0756_noop
 [X] 0036_index_cleanup
 [X] 0037_app_id
 [X] 0038_sqlturnwhatsappbackend
 [X] 0039_trumpia_gateway
 [X] 0040_remove_karix_backend
 [X] 0041_email
 [X] 0042_infobip_pinpoint_backends
 [X] 0043_auto_20200622_1243
 [X] 0044_opt_keywords
 [X] 0045_auto_20200902_0938
 [X] 0046_keywords_linked_domain_fields
 [X] 0046_delete_selfregistrationinvitation
 [X] 0047_merge_20200918_1641
 [X] 0048_delete_sqlicdsbackend
 [X] 0049_auto_enable_turnio_ff
 [X] 0050_sms_email_date_modified
 [X] 0051_reset_modified_on
smsbillables
 [X] 0001_initial
 [X] 0002_bootstrap
 [X] 0003_update_twilio_rates_outgoing
 [X] 0004_bootstrap_smsgh_rates
 [X] 0005_update_http_backend_criteria
 [X] 0006_remove_smsbillable_api_response
 [X] 0007_smsbillable_multipart_count
 [X] 0008__multipart_count__non_nullable
 [X] 0009_smsbillable_direct_gateway_fee
 [X] 0010_gateway_fee_amount_null
 [X] 0011_date_to_datetime
 [X] 0012_remove_max_length
 [X] 0013_auto_20160826_1531
 [X] 0014_bootstrap_apposit_rates
 [X] 0015_bootstrap_icds_rates
 [X] 0016_smsgatewayfeecriteria_is_active
 [X] 0017_deactivate_grapevine_instance_fee_criteria
 [X] 0018_index__date_sent
 [X] 0019_deactivate_hardcoded_twilio_gateway_fees
 [X] 0020_update_sislog_fees
 [X] 0021_infobip_gateway_fee_amount_null
 [X] 0022_pinpoint_gateway_fee_amount_null
smsforms
 [X] 0001_initial
 [X] 0002_add_state_tracking_fields
 [X] 0003_make_fields_not_null
sql_accessors
 [X] 0001_initial
 [X] 0002_add_sync_functions
 [X] 0003_get_forms_by_user_id_functions
 [X] 0004_get_modified_since_functions
 [X] 0005_add_fields_to_attachments
 [X] 0006_add_fields_to_case_attachments
 [X] 0007_rename_get_case_attachment_by_name
 [X] 0008_get_case_by_external_id
 [X] 0009_ledger_accessors
 [X] 0010_update_state_type_values
 [X] 0011_get_case_types_for_domain
 [X] 0012_soft_deletion
 [X] 0012_get_case_transactions_by_type
 [X] 0013_merge
 [X] 0014_ledger_transactions
 [X] 0015_get_form_ids_in_domain
 [X] 0016_ledger_values_by_product_ids
 [X] 0015_ledger_transactions_update
 [X] 0017_merge
 [X] 0018_save_ledger_values_rebuild
 [X] 0019_get_case_ids_in_domain_by_owners
 [X] 0020_soft_delete_cases
 [X] 0021_get_ledger_values_for_cases
 [X] 0022_last_modified_form_id
 [X] 0023_update_get_case_form_ids
 [X] 0024_delete_ledgers
 [X] 0024_update_save_ledger_values
 [X] 0025_update_get_ledger_values_for_cases
 [X] 0026_get_all_ledger_values_since
 [X] 0027_audit_fixups
 [X] 0028_rename_get_multiple_forms_attachments
 [X] 0029_get_case_ids_in_domain
 [X] 0030_index_changes
 [X] 0031_remove_get_ledger_values_for_product_ids
 [X] 0032_exclude_deleted_cases
 [X] 0033_remove_location_id_from_ledgers
 [X] 0034_update_reindex_functions
 [X] 0035_add_undelete_functions
 [X] 0036_exclude_deleted
 [X] 0037_delete_ledgers_with_case
 [X] 0038_attachment_bucket
 [X] 0038_save_case_deletion_fields
 [X] 0039_update_reindex_queries
 [X] 0040_fix_case_reindex_query
 [X] 0041_latest_ledger_transactions_fix
 [X] 0042_write_blob_bucket
 [X] 0043_faster_get_reverse_indexed_cases
 [X] 0044_remove_get_case_types_for_domain
 [X] 0045_drop_case_modified_since
 [X] 0046_livequery_sql
 [X] 0047_livequery_sql
 [X] 0048_livequery_sql
 [X] 0049_remove_save_case
 [X] 0050_remove_get_extension_case_ids
 [X] 0050_faster_get_reverse_indexed_cases
 [X] 0051_merge_20170724_1255
 [X] 0052_save_ledgers_fix
 [X] 0053_drop_unused_sql
 [X] 0054_drop_reindexa_accessor_functions
 [X] 0055_set_form_modified_on
 [X] 0056_add_hashlib_functions
 [X] 0057_filter_get_reverse_indexed_cases
 [X] 0058_drop_old_reverse_indexed_fn
 [X] 0059_case_attachment_refactor
 [X] 0060_case_attachment_drops
 [X] 0061_check_transaction_sort_order
 [X] 0062_form_attachments
 [X] 0063_get_ledger_values_for_cases_2
 [X] 0064_remove_get_case_models_functions
 [X] 0065_get_ledger_values_for_cases_3
sql_proxy_accessors
 [X] 0001_initial
 [X] 0002_add_sync_functions
 [X] 0003_get_forms_by_user_id_functions
 [X] 0004_get_modified_since_functions
 [X] 0005_rename_get_case_attachment_by_name
 [X] 0006_get_case_by_external_id
 [X] 0007_ledger_accessors
 [X] 0008_get_case_types_for_domain
 [X] 0009_soft_delete
 [X] 0009_get_transactions_by_type
 [X] 0010_merge
 [X] 0011_ledger_transactions
 [X] 0012_get_form_ids_in_domain
 [X] 0013_ledger_values_by_product_ids
 [X] 0012_ledger_transactions_update
 [X] 0014_merge
 [X] 0015_save_ledger_values_rebuild
 [X] 0016_get_case_ids_in_domain_by_owners
 [X] 0017_soft_delete_cases
 [X] 0018_get_ledger_values_for_cases
 [X] 0019_delete_ledgers
 [X] 0020_update_get_ledger_values_for_cases
 [X] 0021_get_all_ledger_values_modified_since
 [X] 0022_audit_fixups
 [X] 0023_rename_get_multiple_forms_attachments
 [X] 0024_get_case_ids_in_domain
 [X] 0025_index_changes
 [X] 0026_remove_get_ledger_values_for_product_ids
 [X] 0027_add_undelete_functions
 [X] 0030_exclude_deleted
 [X] 0031_write_blob_bucket
 [X] 0032_remove_get_cases_by_domain
 [X] 0033_drop_case_modified_since
 [X] 0034_livequery_sql
 [X] 0035_livequery_sql
 [X] 0036_remove_save_case
 [X] 0037_remove_get_extension_case_ids
 [X] 0038_drop_unused_sql
 [X] 0039_filter_get_reverse_indexed_cases
 [X] 0040_drop_old_reverse_indexed_fn
 [X] 0041_case_attachment_refactor
 [X] 0042_case_attachment_drops
 [X] 0043_blobmeta
 [X] 0044_blobmeta_form_attachments
 [X] 0045_form_attachments
 [X] 0046_get_ledger_values_for_cases_2
 [X] 0047_remove_get_case_models_functions
 [X] 0048_get_ledger_values_for_cases_3
sql_proxy_standby_accessors
 [X] 0001_initial
sso
 [X] 0001_initial
 [X] 0002_identityprovider_require_encrypted_assertions
start_enterprise
 [X] 0001_initial
stock
 [X] 0001_squashed_0002_stockreport_server_date
 [X] 0002_delete_stocktransaction
 [X] 0003_delete_stock_models
tastypie
 [X] 0001_initial
 [X] 0002_api_access_url_length
telerivet
 [X] 0001_initial
 [X] 0002_add_index_on_webhook_secret
toggle_ui
 [X] 0001_reconcile_commtrack_flags
 [X] 0002_toggleaudit
translations
 [X] 0001_initial
 [X] 0002_transifexblacklist
 [X] 0003_auto_20190318_1850
 [X] 0004_auto_20190318_1905
 [X] 0005_auto_20190405_1747
 [X] 0006_add_smstranslations
 [X] 0007_populate_smstranslations
 [X] 0008_remove_couch_id
 [X] 0009_auto_20200924_1753
two_factor
 [X] 0001_initial
 [X] 0002_auto_20150110_0810
 [X] 0003_auto_20150817_1733
 [X] 0004_auto_20160205_1827
 [X] 0005_auto_20160224_0450
 [X] 0006_phonedevice_key_default
 [X] 0007_auto_20201201_1019
user_importer
 [X] 0001_initial
userreports
 [X] 0001_initial
 [X] 0002_migrate_translation_transforms
 [X] 0003_auto_20170321_2019
 [X] 0004_auto_20170330_2049
 [X] 0005_asyncindicator_unsuccessful_attempts
 [X] 0006_add_index_to_domain
 [X] 0007_index_indicator_config_ids
 [X] 0008_new_table_name_views
 [X] 0009_rename_ucr_tables
 [X] 0010_add_invaliducrdata
 [X] 0011_datasourceactionlog
 [X] 0012_datasourceactionlog_skip_destructive
 [X] 0013_reportcomparisondiff_reportcomparisonexception_reportcomparisontiming
 [X] 0014_auto_20190529_1458
 [X] 0015_auto_20190701_2006
 [X] 0016_change_primary_key_to_bigint
 [X] 0017_index_cleanup
users
 [X] 0001_add_location_permission
 [X] 0002_domainrequest
 [X] 0003_roles_permissions_update
 [X] 0004_rm_role_id_from_admins
 [X] 0005_add_user_reporting_metadata
 [X] 0006_auto_20191225_1207
 [X] 0007_userreportingmetadatastaging_created_on
 [X] 0008_auto_20200129_1852
 [X] 0009_sqlinvitation
 [X] 0010_populate_usersinvitation
 [X] 0011_sqlinvitation_uuid
 [X] 0012_alter_usersinvitation
 [X] 0013_remove_sqlinvitation_ids
 [X] 0014_rename_usersinvitation
 [X] 0015_domainpermissionsmirror
 [X] 0016_webappspermissions
 [X] 0016_hqapikey
 [X] 0017_merge_20200608_1401
 [X] 0018_auto_20200619_1626
 [X] 0019_editreportspermissions
 [X] 0020_user_staging_pk_to_bigint
 [X] 0021_invitation_email_status
 [X] 0021_add_view_apps_permission
 [X] 0022_merge_20200814_2045
 [X] 0023_hqapikey_role_id
 [X] 0024_add_login_as_all_users
 [X] 0025_hqapikey_domain
 [X] 0026_sql_role_permissions
 [X] 0027_role_permission_unique
 [X] 0028_remove_domainpermissionsmirror
 [X] 0028_migrate_roles_to_sql
 [X] 0029_merge_20210611_1436
 [X] 0029_userhistory
 [X] 0030_userhistory_user_upload_record
 [X] 0031_delete_domainpermissionsmirror
 [X] 0032_add_download_reports_permission
 [X] 0033_rename_sqluserrole
 [X] 0034_auto_20210813_1121
 [X] 0035_auto_20210826_1155
 [X] 0036_reset_user_history_records
 [X] 0037_add_edit_messaging_permission
 [X] 0038_auto_20210930_1235
 [X] 0038_add_ucr_permissions
 [X] 0039_merge_20211007_0556
 [X] 0040_add_repr_and_changed_by_repr
 [X] 0041_migrate_reprs
util
 [X] 0001_initial
 [X] 0002_complaintbouncemeta_permanentbouncemeta_transientbounceemail
zapier
 [X] 0001_initial
 [X] 0002_auto_20170117_1756
