{
  "name": "CommcareHQ",
  "version": "0.0.1",
  "lockfileVersion": 1,
  "requires": true,
  "dependencies": {
    "abbrev": {
      "version": "1.0.7",
      "resolved": "https://registry.npmjs.org/abbrev/-/abbrev-1.0.7.tgz",
      "integrity": "sha1-W2A1su6dT7XPhZ8Iqb6BsghJGEM="
    },
    "adm-zip": {
      "version": "0.4.4",
      "resolved": "https://registry.npmjs.org/adm-zip/-/adm-zip-0.4.4.tgz",
      "integrity": "sha1-ph7VrmkFw66lizplfSUDMJEFJzY="
    },
    "amdefine": {
      "version": "1.0.0",
      "resolved": "https://registry.npmjs.org/amdefine/-/amdefine-1.0.0.tgz",
      "integrity": "sha1-/RdHRwDLXMnCtwnwvp0jzjwZjDM="
    },
    "asn1": {
      "version": "0.1.11",
      "resolved": "https://registry.npmjs.org/asn1/-/asn1-0.1.11.tgz",
      "integrity": "sha1-VZvhg3bQik7E2+gId9J4GGObLfc=",
      "optional": true
    },
    "assert-plus": {
      "version": "0.1.5",
      "resolved": "https://registry.npmjs.org/assert-plus/-/assert-plus-0.1.5.tgz",
      "integrity": "sha1-7nQAlBMALYTOxyGcasgRgS5yMWA=",
      "optional": true
    },
    "async": {
      "version": "0.9.2",
      "resolved": "https://registry.npmjs.org/async/-/async-0.9.2.tgz",
      "integrity": "sha1-rqdNXmHB+JlhO/ZL2mbUx48v0X0=",
      "optional": true
    },
    "aws-sign2": {
      "version": "0.5.0",
      "resolved": "https://registry.npmjs.org/aws-sign2/-/aws-sign2-0.5.0.tgz",
      "integrity": "sha1-xXED96F/wDfwLXwuZLYC6iI/fWM=",
      "optional": true
    },
    "balanced-match": {
      "version": "0.4.1",
      "resolved": "https://registry.npmjs.org/balanced-match/-/balanced-match-0.4.1.tgz",
      "integrity": "sha1-GQU+LgdI6ts3nabAnUVc9eEDkzU="
    },
    "biginteger": {
      "version": "1.0.3",
      "resolved": "https://registry.npmjs.org/biginteger/-/biginteger-1.0.3.tgz",
      "integrity": "sha1-ERxoIHC4UtBnehYh/TNFKqtnRgc="
    },
    "bl": {
      "version": "0.9.5",
      "resolved": "https://registry.npmjs.org/bl/-/bl-0.9.5.tgz",
      "integrity": "sha1-wGt5evCF6gC8Unr8jvzxHeIjIFQ=",
      "requires": {
        "readable-stream": "~1.0.26"
      }
    },
    "boom": {
      "version": "0.4.2",
      "resolved": "https://registry.npmjs.org/boom/-/boom-0.4.2.tgz",
      "integrity": "sha1-emNune1O/O+xnO9JR6PGffrukRs=",
      "requires": {
        "hoek": "0.9.x"
      }
    },
    "brace-expansion": {
      "version": "1.1.4",
      "resolved": "https://registry.npmjs.org/brace-expansion/-/brace-expansion-1.1.4.tgz",
      "integrity": "sha1-RkogTHf0gsCFwqNsRWu/uvtnoSc=",
      "requires": {
        "balanced-match": "^0.4.1",
        "concat-map": "0.0.1"
      }
    },
    "caseless": {
      "version": "0.6.0",
      "resolved": "https://registry.npmjs.org/caseless/-/caseless-0.6.0.tgz",
      "integrity": "sha1-gWfBq4OX+1u5X5bSjlqBxQ8kesQ="
    },
    "charenc": {
      "version": "0.0.1",
      "resolved": "https://registry.npmjs.org/charenc/-/charenc-0.0.1.tgz",
      "integrity": "sha1-AEz/n+rxAjgu0S21jdb5Ynltbog="
    },
    "combined-stream": {
      "version": "0.0.7",
      "resolved": "https://registry.npmjs.org/combined-stream/-/combined-stream-0.0.7.tgz",
      "integrity": "sha1-ATfmV7qlp1QcV6w3rF/AfXO03B8=",
      "optional": true,
      "requires": {
        "delayed-stream": "0.0.5"
      }
    },
    "commander": {
      "version": "2.3.0",
      "resolved": "https://registry.npmjs.org/commander/-/commander-2.3.0.tgz",
      "integrity": "sha1-/UMOiJgy7DU7ms0d4hfBHLPu+HM="
    },
    "concat-map": {
      "version": "0.0.1",
      "resolved": "https://registry.npmjs.org/concat-map/-/concat-map-0.0.1.tgz",
      "integrity": "sha1-2Klr13/Wjfd5OnMDajug1UBdR3s="
    },
    "config-chain": {
      "version": "1.1.10",
      "resolved": "https://registry.npmjs.org/config-chain/-/config-chain-1.1.10.tgz",
      "integrity": "sha1-f8OD3g/MhNcRy0Zb0XZXnK1hI0Y=",
      "requires": {
        "ini": "^1.3.4",
        "proto-list": "~1.2.1"
      }
    },
    "core-util-is": {
      "version": "1.0.2",
      "resolved": "https://registry.npmjs.org/core-util-is/-/core-util-is-1.0.2.tgz",
      "integrity": "sha1-tf1UIgqivFq1eqtxQMlAdUUDwac="
    },
    "crypt": {
      "version": "0.0.1",
      "resolved": "https://registry.npmjs.org/crypt/-/crypt-0.0.1.tgz",
      "integrity": "sha1-XxGyGmwF7xteeXCDZtpjdOzh5qI="
    },
    "cryptiles": {
      "version": "0.2.2",
      "resolved": "https://registry.npmjs.org/cryptiles/-/cryptiles-0.2.2.tgz",
      "integrity": "sha1-7ZH/HxetE9N0gohZT4pIoNJvMlw=",
      "optional": true,
      "requires": {
        "boom": "0.4.x"
      }
    },
    "ctype": {
      "version": "0.5.3",
      "resolved": "https://registry.npmjs.org/ctype/-/ctype-0.5.3.tgz",
      "integrity": "sha1-gsGMJGH3QRTvFsE1IkrQuRRMoS8=",
      "optional": true
    },
    "debug": {
      "version": "2.0.0",
      "resolved": "https://registry.npmjs.org/debug/-/debug-2.0.0.tgz",
      "integrity": "sha1-ib2d9nMrUSVrxnBTQrugLtEhMe8=",
      "requires": {
        "ms": "0.6.2"
      }
    },
    "delayed-stream": {
      "version": "0.0.5",
      "resolved": "https://registry.npmjs.org/delayed-stream/-/delayed-stream-0.0.5.tgz",
      "integrity": "sha1-1LH0OpPoKW3+AmlPRoC8N6MTxz8=",
      "optional": true
    },
    "diff": {
      "version": "1.0.8",
      "resolved": "https://registry.npmjs.org/diff/-/diff-1.0.8.tgz",
      "integrity": "sha1-NDJ2MI7Jkbe8giZ+1VvBQR+XFmY="
    },
    "escape-string-regexp": {
      "version": "1.0.2",
      "resolved": "https://registry.npmjs.org/escape-string-regexp/-/escape-string-regexp-1.0.2.tgz",
      "integrity": "sha1-Tbwv5nTnGUnK8/smlc5/LcHZqNE="
    },
    "eslint-plugin-eslint-dimagi": {
      "version": "1.0.1",
      "resolved": "https://registry.npmjs.org/eslint-plugin-eslint-dimagi/-/eslint-plugin-eslint-dimagi-1.0.1.tgz",
      "integrity": "sha1-X6Ih/uxto+noUWJoeNDpIXfBX1U=",
      "requires": {
        "requireindex": "~1.1.0"
      }
    },
    "forever-agent": {
      "version": "0.5.2",
      "resolved": "https://registry.npmjs.org/forever-agent/-/forever-agent-0.5.2.tgz",
      "integrity": "sha1-bQ4JxJIflKJ/Y9O0nF/v8epMUTA="
    },
    "form-data": {
      "version": "0.1.4",
      "resolved": "https://registry.npmjs.org/form-data/-/form-data-0.1.4.tgz",
      "integrity": "sha1-kavXiKupcCsaq/qLwBAxoqyeOxI=",
      "optional": true,
      "requires": {
        "async": "~0.9.0",
        "combined-stream": "~0.0.4",
        "mime": "~1.2.11"
      }
    },
    "fs-extra": {
      "version": "0.23.1",
      "resolved": "https://registry.npmjs.org/fs-extra/-/fs-extra-0.23.1.tgz",
      "integrity": "sha1-ZhHbpq3yq43Jxp+rN83fiBgVfj0=",
      "requires": {
        "graceful-fs": "^4.1.2",
        "jsonfile": "^2.1.0",
        "path-is-absolute": "^1.0.0",
        "rimraf": "^2.2.8"
      }
    },
    "glob": {
      "version": "7.0.3",
      "resolved": "https://registry.npmjs.org/glob/-/glob-7.0.3.tgz",
      "integrity": "sha1-CqI1kxpKlqwT1g/6wvuHe9btT1g=",
      "requires": {
        "inflight": "^1.0.4",
        "inherits": "2",
        "minimatch": "2 || 3",
        "once": "^1.3.0",
        "path-is-absolute": "^1.0.0"
      }
    },
    "graceful-fs": {
      "version": "4.1.3",
      "resolved": "https://registry.npmjs.org/graceful-fs/-/graceful-fs-4.1.3.tgz",
      "integrity": "sha1-kgM84RETxB4mKNYf36QLwQ3AFVw="
    },
    "growl": {
      "version": "1.8.1",
      "resolved": "https://registry.npmjs.org/growl/-/growl-1.8.1.tgz",
      "integrity": "sha1-Sy3sjZB+k9szZiTc7AGDUC+MlCg="
    },
    "grunt": {
      "version": "0.4.5",
      "resolved": "https://registry.npmjs.org/grunt/-/grunt-0.4.5.tgz",
      "integrity": "sha1-VpN81RlDJK3/bSB2MYMqnWuk5/A=",
      "requires": {
        "async": "~0.1.22",
        "coffee-script": "~1.3.3",
        "colors": "~0.6.2",
        "dateformat": "1.0.2-1.2.3",
        "eventemitter2": "~0.4.13",
        "exit": "~0.1.1",
        "findup-sync": "~0.1.2",
        "getobject": "~0.1.0",
        "glob": "~3.1.21",
        "grunt-legacy-log": "~0.1.0",
        "grunt-legacy-util": "~0.2.0",
        "hooker": "~0.2.3",
        "iconv-lite": "~0.2.11",
        "js-yaml": "~2.0.5",
        "lodash": "~0.9.2",
        "minimatch": "~0.2.12",
        "nopt": "~1.0.10",
        "rimraf": "~2.2.8",
        "underscore.string": "~2.2.1",
        "which": "~1.0.5"
      },
      "dependencies": {
        "async": {
          "version": "0.1.22",
          "resolved": "https://registry.npmjs.org/async/-/async-0.1.22.tgz",
          "integrity": "sha1-D8GqoIig4+8Ovi2IMbqw3PiEUGE="
        },
        "coffee-script": {
          "version": "1.3.3",
          "resolved": "https://registry.npmjs.org/coffee-script/-/coffee-script-1.3.3.tgz",
          "integrity": "sha1-FQ1rTLUiiUNp7+1qIQHCC8f0pPQ="
        },
        "colors": {
          "version": "0.6.2",
          "resolved": "https://registry.npmjs.org/colors/-/colors-0.6.2.tgz",
          "integrity": "sha1-JCP+ZnisDF2uiFLl0OW+CMmXq8w="
        },
        "dateformat": {
          "version": "1.0.2-1.2.3",
          "resolved": "https://registry.npmjs.org/dateformat/-/dateformat-1.0.2-1.2.3.tgz",
          "integrity": "sha1-sCIMAt6YYXQztyhRz0fePfLNvuk="
        },
        "eventemitter2": {
          "version": "0.4.14",
          "resolved": "https://registry.npmjs.org/eventemitter2/-/eventemitter2-0.4.14.tgz",
          "integrity": "sha1-j2G3XN4BKy6esoTUVFWDtWQ7Yas="
        },
        "exit": {
          "version": "0.1.2",
          "resolved": "https://registry.npmjs.org/exit/-/exit-0.1.2.tgz",
          "integrity": "sha1-BjJjj42HfMghB9MKD/8aF8uhzQw="
        },
        "findup-sync": {
          "version": "0.1.3",
          "resolved": "https://registry.npmjs.org/findup-sync/-/findup-sync-0.1.3.tgz",
          "integrity": "sha1-fz56l7gjksZTvwZYm9hRkOk8NoM=",
          "requires": {
            "glob": "~3.2.9",
            "lodash": "~2.4.1"
          },
          "dependencies": {
            "glob": {
              "version": "3.2.11",
              "resolved": "https://registry.npmjs.org/glob/-/glob-3.2.11.tgz",
              "integrity": "sha1-Spc/Y1uRkPcV0QmH1cAP0oFevj0=",
              "requires": {
                "inherits": "2",
                "minimatch": "0.3"
              },
              "dependencies": {
                "inherits": {
                  "version": "2.0.1",
                  "resolved": "https://registry.npmjs.org/inherits/-/inherits-2.0.1.tgz",
                  "integrity": "sha1-sX0I0ya0Qj5Wjv9xn5GwscvfafE="
                },
                "minimatch": {
                  "version": "0.3.0",
                  "resolved": "https://registry.npmjs.org/minimatch/-/minimatch-0.3.0.tgz",
                  "integrity": "sha1-J12O2qxPG7MyZHIInnlJyDlGmd0=",
                  "requires": {
                    "lru-cache": "2",
                    "sigmund": "~1.0.0"
                  },
                  "dependencies": {
                    "lru-cache": {
                      "version": "2.7.3",
                      "resolved": "https://registry.npmjs.org/lru-cache/-/lru-cache-2.7.3.tgz",
                      "integrity": "sha1-bUUk6LlV+V1PW1iFHOId1y+06VI="
                    },
                    "sigmund": {
                      "version": "1.0.1",
                      "resolved": "https://registry.npmjs.org/sigmund/-/sigmund-1.0.1.tgz",
                      "integrity": "sha1-P/IfGYytIXX587eBhT/ZTQ0ZtZA="
                    }
                  }
                }
              }
            },
            "lodash": {
              "version": "2.4.2",
              "resolved": "https://registry.npmjs.org/lodash/-/lodash-2.4.2.tgz",
              "integrity": "sha1-+t2DS5aDBz2hebPq5tnA0VBT9z4="
            }
          }
        },
        "getobject": {
          "version": "0.1.0",
          "resolved": "https://registry.npmjs.org/getobject/-/getobject-0.1.0.tgz",
          "integrity": "sha1-BHpEl4n6Fg0Bj1SG7ZEyC27HiFw="
        },
        "glob": {
          "version": "3.1.21",
          "resolved": "https://registry.npmjs.org/glob/-/glob-3.1.21.tgz",
          "integrity": "sha1-0p4KBV3qUTj00H7UDomC6DwgZs0=",
          "requires": {
            "graceful-fs": "~1.2.0",
            "inherits": "1",
            "minimatch": "~0.2.11"
          },
          "dependencies": {
            "graceful-fs": {
              "version": "1.2.3",
              "resolved": "https://registry.npmjs.org/graceful-fs/-/graceful-fs-1.2.3.tgz",
              "integrity": "sha1-FaSAaldUfLLS2/J/QuiajDRRs2Q="
            },
            "inherits": {
              "version": "1.0.2",
              "resolved": "https://registry.npmjs.org/inherits/-/inherits-1.0.2.tgz",
              "integrity": "sha1-ykMJ2t7mtUzAuNJH6NfHoJdb3Js="
            }
          }
        },
        "grunt-legacy-log": {
          "version": "0.1.3",
          "resolved": "https://registry.npmjs.org/grunt-legacy-log/-/grunt-legacy-log-0.1.3.tgz",
          "integrity": "sha1-7ClCboAwIa9ZAp+H0vnNczWgVTE=",
          "requires": {
            "colors": "~0.6.2",
            "grunt-legacy-log-utils": "~0.1.1",
            "hooker": "~0.2.3",
            "lodash": "~2.4.1",
            "underscore.string": "~2.3.3"
          },
          "dependencies": {
            "grunt-legacy-log-utils": {
              "version": "0.1.1",
              "resolved": "https://registry.npmjs.org/grunt-legacy-log-utils/-/grunt-legacy-log-utils-0.1.1.tgz",
              "integrity": "sha1-wHBrndkGThFvNvI/5OawSGcsD34=",
              "requires": {
                "colors": "~0.6.2",
                "lodash": "~2.4.1",
                "underscore.string": "~2.3.3"
              }
            },
            "lodash": {
              "version": "2.4.2",
              "resolved": "https://registry.npmjs.org/lodash/-/lodash-2.4.2.tgz",
              "integrity": "sha1-+t2DS5aDBz2hebPq5tnA0VBT9z4="
            },
            "underscore.string": {
              "version": "2.3.3",
              "resolved": "https://registry.npmjs.org/underscore.string/-/underscore.string-2.3.3.tgz",
              "integrity": "sha1-ccCL9rQosRM/N+ePo6Icgvcymw0="
            }
          }
        },
        "grunt-legacy-util": {
          "version": "0.2.0",
          "resolved": "https://registry.npmjs.org/grunt-legacy-util/-/grunt-legacy-util-0.2.0.tgz",
          "integrity": "sha1-kzJIhNv343qf98Am3/RR2UqeVUs=",
          "requires": {
            "async": "~0.1.22",
            "exit": "~0.1.1",
            "getobject": "~0.1.0",
            "hooker": "~0.2.3",
            "lodash": "~0.9.2",
            "underscore.string": "~2.2.1",
            "which": "~1.0.5"
          }
        },
        "hooker": {
          "version": "0.2.3",
          "resolved": "https://registry.npmjs.org/hooker/-/hooker-0.2.3.tgz",
          "integrity": "sha1-uDT3I8xKJCqmWWNFnfbZhMXT2Vk="
        },
        "iconv-lite": {
          "version": "0.2.11",
          "resolved": "https://registry.npmjs.org/iconv-lite/-/iconv-lite-0.2.11.tgz",
          "integrity": "sha1-HOYKOleGSiktEyH/RgnKS7llrcg="
        },
        "js-yaml": {
          "version": "2.0.5",
          "resolved": "https://registry.npmjs.org/js-yaml/-/js-yaml-2.0.5.tgz",
          "integrity": "sha1-olrmUJmZ6X3yeMZxnaEb0Gh3Q6g=",
          "requires": {
            "argparse": "~ 0.1.11",
            "esprima": "~ 1.0.2"
          },
          "dependencies": {
            "argparse": {
              "version": "0.1.16",
              "resolved": "https://registry.npmjs.org/argparse/-/argparse-0.1.16.tgz",
              "integrity": "sha1-z9AeD7uj1srtBJ+9dY1A9lGW9Xw=",
              "requires": {
                "underscore": "~1.7.0",
                "underscore.string": "~2.4.0"
              },
              "dependencies": {
                "underscore": {
                  "version": "1.7.0",
                  "resolved": "https://registry.npmjs.org/underscore/-/underscore-1.7.0.tgz",
                  "integrity": "sha1-a7rwh3UA02vjTsqlhODbn+8DUgk="
                },
                "underscore.string": {
                  "version": "2.4.0",
                  "resolved": "https://registry.npmjs.org/underscore.string/-/underscore.string-2.4.0.tgz",
                  "integrity": "sha1-jN2PusTi0uoefi6Al8QvRCKA+Fs="
                }
              }
            },
            "esprima": {
              "version": "1.0.4",
              "resolved": "https://registry.npmjs.org/esprima/-/esprima-1.0.4.tgz",
              "integrity": "sha1-n1V+CPw7TSbs6d00+Pv0drYlha0="
            }
          }
        },
        "lodash": {
          "version": "0.9.2",
          "resolved": "https://registry.npmjs.org/lodash/-/lodash-0.9.2.tgz",
          "integrity": "sha1-jzSZxSRdNG1oLlsNO0B2fgnxqSw="
        },
        "minimatch": {
          "version": "0.2.14",
          "resolved": "https://registry.npmjs.org/minimatch/-/minimatch-0.2.14.tgz",
          "integrity": "sha1-x054BXT2PG+aCQ6Q775u9TpqdWo=",
          "requires": {
            "lru-cache": "2",
            "sigmund": "~1.0.0"
          },
          "dependencies": {
            "lru-cache": {
              "version": "2.7.3",
              "resolved": "https://registry.npmjs.org/lru-cache/-/lru-cache-2.7.3.tgz",
              "integrity": "sha1-bUUk6LlV+V1PW1iFHOId1y+06VI="
            },
            "sigmund": {
              "version": "1.0.1",
              "resolved": "https://registry.npmjs.org/sigmund/-/sigmund-1.0.1.tgz",
              "integrity": "sha1-P/IfGYytIXX587eBhT/ZTQ0ZtZA="
            }
          }
        },
        "nopt": {
          "version": "1.0.10",
          "resolved": "https://registry.npmjs.org/nopt/-/nopt-1.0.10.tgz",
          "integrity": "sha1-bd0hvSoxQXuScn3Vhfim83YI6+4=",
          "requires": {
            "abbrev": "1"
          },
          "dependencies": {
            "abbrev": {
              "version": "1.0.7",
              "resolved": "https://registry.npmjs.org/abbrev/-/abbrev-1.0.7.tgz",
              "integrity": "sha1-W2A1su6dT7XPhZ8Iqb6BsghJGEM="
            }
          }
        },
        "rimraf": {
          "version": "2.2.8",
          "resolved": "https://registry.npmjs.org/rimraf/-/rimraf-2.2.8.tgz",
          "integrity": "sha1-5Dm+Kq7jJzIZUnMPmaiSnk/FBYI="
        },
        "underscore.string": {
          "version": "2.2.1",
          "resolved": "https://registry.npmjs.org/underscore.string/-/underscore.string-2.2.1.tgz",
          "integrity": "sha1-18D6KvXVoaZ/QlPa7pgTLnM/Dxk="
        },
        "which": {
          "version": "1.0.9",
          "resolved": "https://registry.npmjs.org/which/-/which-1.0.9.tgz",
          "integrity": "sha1-RgwdoPgQED0DIam2M6+eV15kSG8="
        }
      }
    },
    "grunt-cli": {
      "version": "0.1.13",
      "resolved": "https://registry.npmjs.org/grunt-cli/-/grunt-cli-0.1.13.tgz",
      "integrity": "sha1-6evEBHYx9QEtkidww5N4EzytEPQ=",
      "requires": {
        "findup-sync": "~0.1.0",
        "nopt": "~1.0.10",
        "resolve": "~0.3.1"
      },
      "dependencies": {
        "findup-sync": {
          "version": "0.1.3",
          "resolved": "https://registry.npmjs.org/findup-sync/-/findup-sync-0.1.3.tgz",
          "integrity": "sha1-fz56l7gjksZTvwZYm9hRkOk8NoM=",
          "requires": {
            "glob": "~3.2.9",
            "lodash": "~2.4.1"
          },
          "dependencies": {
            "glob": {
              "version": "3.2.11",
              "resolved": "https://registry.npmjs.org/glob/-/glob-3.2.11.tgz",
              "integrity": "sha1-Spc/Y1uRkPcV0QmH1cAP0oFevj0=",
              "requires": {
                "inherits": "2",
                "minimatch": "0.3"
              },
              "dependencies": {
                "inherits": {
                  "version": "2.0.1",
                  "resolved": "https://registry.npmjs.org/inherits/-/inherits-2.0.1.tgz",
                  "integrity": "sha1-sX0I0ya0Qj5Wjv9xn5GwscvfafE="
                },
                "minimatch": {
                  "version": "0.3.0",
                  "resolved": "https://registry.npmjs.org/minimatch/-/minimatch-0.3.0.tgz",
                  "integrity": "sha1-J12O2qxPG7MyZHIInnlJyDlGmd0=",
                  "requires": {
                    "lru-cache": "2",
                    "sigmund": "~1.0.0"
                  },
                  "dependencies": {
                    "lru-cache": {
                      "version": "2.7.3",
                      "resolved": "https://registry.npmjs.org/lru-cache/-/lru-cache-2.7.3.tgz",
                      "integrity": "sha1-bUUk6LlV+V1PW1iFHOId1y+06VI="
                    },
                    "sigmund": {
                      "version": "1.0.1",
                      "resolved": "https://registry.npmjs.org/sigmund/-/sigmund-1.0.1.tgz",
                      "integrity": "sha1-P/IfGYytIXX587eBhT/ZTQ0ZtZA="
                    }
                  }
                }
              }
            },
            "lodash": {
              "version": "2.4.2",
              "resolved": "https://registry.npmjs.org/lodash/-/lodash-2.4.2.tgz",
              "integrity": "sha1-+t2DS5aDBz2hebPq5tnA0VBT9z4="
            }
          }
        },
        "nopt": {
          "version": "1.0.10",
          "resolved": "https://registry.npmjs.org/nopt/-/nopt-1.0.10.tgz",
          "integrity": "sha1-bd0hvSoxQXuScn3Vhfim83YI6+4=",
          "requires": {
            "abbrev": "1"
          },
          "dependencies": {
            "abbrev": {
              "version": "1.0.7",
              "resolved": "https://registry.npmjs.org/abbrev/-/abbrev-1.0.7.tgz",
              "integrity": "sha1-W2A1su6dT7XPhZ8Iqb6BsghJGEM="
            }
          }
        },
        "resolve": {
          "version": "0.3.1",
          "resolved": "https://registry.npmjs.org/resolve/-/resolve-0.3.1.tgz",
          "integrity": "sha1-NMY0R8ZkxwWY0cmxJvxDsqJDEKQ="
        }
      }
    },
    "grunt-contrib-watch": {
      "version": "0.6.1",
      "resolved": "https://registry.npmjs.org/grunt-contrib-watch/-/grunt-contrib-watch-0.6.1.tgz",
      "integrity": "sha1-ZP3LolpjX1tNobbOb5DaCutuPxU=",
      "requires": {
        "async": "~0.2.9",
        "gaze": "~0.5.1",
        "lodash": "~2.4.1",
        "tiny-lr-fork": "0.0.5"
      },
      "dependencies": {
        "async": {
          "version": "0.2.10",
          "resolved": "https://registry.npmjs.org/async/-/async-0.2.10.tgz",
          "integrity": "sha1-trvgsGdLnXGXCMo43owjfLUmw9E="
        },
        "gaze": {
          "version": "0.5.2",
          "resolved": "https://registry.npmjs.org/gaze/-/gaze-0.5.2.tgz",
          "integrity": "sha1-QLcJU30k0dRXZ9takIaJ3+aaxE8=",
          "requires": {
            "globule": "~0.1.0"
          },
          "dependencies": {
            "globule": {
              "version": "0.1.0",
              "resolved": "https://registry.npmjs.org/globule/-/globule-0.1.0.tgz",
              "integrity": "sha1-2cjt3h2nnRJaFRt5UzuXhnY0auU=",
              "requires": {
                "glob": "~3.1.21",
                "lodash": "~1.0.1",
                "minimatch": "~0.2.11"
              },
              "dependencies": {
                "glob": {
                  "version": "3.1.21",
                  "resolved": "https://registry.npmjs.org/glob/-/glob-3.1.21.tgz",
                  "integrity": "sha1-0p4KBV3qUTj00H7UDomC6DwgZs0=",
                  "requires": {
                    "graceful-fs": "~1.2.0",
                    "inherits": "1",
                    "minimatch": "~0.2.11"
                  },
                  "dependencies": {
                    "graceful-fs": {
                      "version": "1.2.3",
                      "resolved": "https://registry.npmjs.org/graceful-fs/-/graceful-fs-1.2.3.tgz",
                      "integrity": "sha1-FaSAaldUfLLS2/J/QuiajDRRs2Q="
                    },
                    "inherits": {
                      "version": "1.0.2",
                      "resolved": "https://registry.npmjs.org/inherits/-/inherits-1.0.2.tgz",
                      "integrity": "sha1-ykMJ2t7mtUzAuNJH6NfHoJdb3Js="
                    }
                  }
                },
                "lodash": {
                  "version": "1.0.2",
                  "resolved": "https://registry.npmjs.org/lodash/-/lodash-1.0.2.tgz",
                  "integrity": "sha1-j1dWDIO1n8JwvT1WG2kAQ0MOJVE="
                },
                "minimatch": {
                  "version": "0.2.14",
                  "resolved": "https://registry.npmjs.org/minimatch/-/minimatch-0.2.14.tgz",
                  "integrity": "sha1-x054BXT2PG+aCQ6Q775u9TpqdWo=",
                  "requires": {
                    "lru-cache": "2",
                    "sigmund": "~1.0.0"
                  },
                  "dependencies": {
                    "lru-cache": {
                      "version": "2.7.3",
                      "resolved": "https://registry.npmjs.org/lru-cache/-/lru-cache-2.7.3.tgz",
                      "integrity": "sha1-bUUk6LlV+V1PW1iFHOId1y+06VI="
                    },
                    "sigmund": {
                      "version": "1.0.1",
                      "resolved": "https://registry.npmjs.org/sigmund/-/sigmund-1.0.1.tgz",
                      "integrity": "sha1-P/IfGYytIXX587eBhT/ZTQ0ZtZA="
                    }
                  }
                }
              }
            }
          }
        },
        "lodash": {
          "version": "2.4.2",
          "resolved": "https://registry.npmjs.org/lodash/-/lodash-2.4.2.tgz",
          "integrity": "sha1-+t2DS5aDBz2hebPq5tnA0VBT9z4="
        },
        "tiny-lr-fork": {
          "version": "0.0.5",
          "resolved": "https://registry.npmjs.org/tiny-lr-fork/-/tiny-lr-fork-0.0.5.tgz",
          "integrity": "sha1-Hpnh4qhGm3NquX2X7vqYxx927Qo=",
          "requires": {
            "debug": "~0.7.0",
            "faye-websocket": "~0.4.3",
            "noptify": "~0.0.3",
            "qs": "~0.5.2"
          },
          "dependencies": {
            "debug": {
              "version": "0.7.4",
              "resolved": "https://registry.npmjs.org/debug/-/debug-0.7.4.tgz",
              "integrity": "sha1-BuHqgILCyxTjmAbiLi9vdX+Srzk="
            },
            "faye-websocket": {
              "version": "0.4.4",
              "resolved": "https://registry.npmjs.org/faye-websocket/-/faye-websocket-0.4.4.tgz",
              "integrity": "sha1-wUxbO/FNdBf/v9mQwKdJXNnzN7w="
            },
            "noptify": {
              "version": "0.0.3",
              "resolved": "https://registry.npmjs.org/noptify/-/noptify-0.0.3.tgz",
              "integrity": "sha1-WPZUpz2XU98MUdlobckhBKZ/S7s=",
              "requires": {
                "nopt": "~2.0.0"
              },
              "dependencies": {
                "nopt": {
                  "version": "2.0.0",
                  "resolved": "https://registry.npmjs.org/nopt/-/nopt-2.0.0.tgz",
                  "integrity": "sha1-ynQW8gpeP5w7hhgPlilfo9C1Lg0=",
                  "requires": {
                    "abbrev": "1"
                  },
                  "dependencies": {
                    "abbrev": {
                      "version": "1.0.7",
                      "resolved": "https://registry.npmjs.org/abbrev/-/abbrev-1.0.7.tgz",
                      "integrity": "sha1-W2A1su6dT7XPhZ8Iqb6BsghJGEM="
                    }
                  }
                }
              }
            },
            "qs": {
              "version": "0.5.6",
              "resolved": "https://registry.npmjs.org/qs/-/qs-0.5.6.tgz",
              "integrity": "sha1-MbGtBYVnZRxSaSFQa5qHk5EaA4Q="
            }
          }
        }
      }
    },
    "grunt-mocha": {
      "version": "0.4.15",
      "resolved": "https://registry.npmjs.org/grunt-mocha/-/grunt-mocha-0.4.15.tgz",
      "integrity": "sha1-r1hHEvRn+yohawwEhjBh2kg44SM=",
      "requires": {
        "grunt-lib-phantomjs": "^0.7.1",
        "lodash": "^3.9.0",
        "mocha": "^1.21.5"
      },
      "dependencies": {
        "glob": {
          "version": "3.2.3",
          "resolved": "https://registry.npmjs.org/glob/-/glob-3.2.3.tgz",
          "integrity": "sha1-4xPusknHr/qlxHUoaw4RW1mDlGc=",
          "requires": {
            "graceful-fs": "~2.0.0",
            "inherits": "2",
            "minimatch": "~0.2.11"
          }
        },
        "graceful-fs": {
          "version": "2.0.3",
          "resolved": "https://registry.npmjs.org/graceful-fs/-/graceful-fs-2.0.3.tgz",
          "integrity": "sha1-fNLNsiiko/Nule+mzBQt59GhNtA="
        },
        "grunt-lib-phantomjs": {
          "version": "0.7.1",
          "resolved": "https://registry.npmjs.org/grunt-lib-phantomjs/-/grunt-lib-phantomjs-0.7.1.tgz",
          "integrity": "sha1-pJasEEvI6ELiaJN0nVTEkFR16Pw=",
          "requires": {
            "eventemitter2": "^0.4.9",
            "phantomjs": "^1.9.15",
            "semver": "^4.3.0",
            "temporary": "^0.0.8"
          },
          "dependencies": {
            "eventemitter2": {
              "version": "0.4.14",
              "resolved": "https://registry.npmjs.org/eventemitter2/-/eventemitter2-0.4.14.tgz",
              "integrity": "sha1-j2G3XN4BKy6esoTUVFWDtWQ7Yas="
            },
            "phantomjs": {
              "version": "1.9.19",
              "resolved": "https://registry.npmjs.org/phantomjs/-/phantomjs-1.9.19.tgz",
              "integrity": "sha1-p/LO9eunND4acpzpkiqVptChHAc=",
              "requires": {
                "adm-zip": "0.4.4",
                "fs-extra": "~0.23.1",
                "kew": "0.4.0",
                "md5": "~2.0.0",
                "npmconf": "2.1.1",
                "progress": "1.1.8",
                "request": "2.42.0",
                "request-progress": "0.3.1",
                "which": "~1.0.5"
              }
            },
            "semver": {
              "version": "4.3.6",
              "resolved": "https://registry.npmjs.org/semver/-/semver-4.3.6.tgz",
              "integrity": "sha1-MAvG4OhjdPe6YQaLWx7NV/xlMto="
            },
            "temporary": {
              "version": "0.0.8",
              "resolved": "https://registry.npmjs.org/temporary/-/temporary-0.0.8.tgz",
              "integrity": "sha1-oYqYHSi6jKNgJ/s8MFOMPst0CsA=",
              "requires": {
                "package": ">= 1.0.0 < 1.2.0"
              },
              "dependencies": {
                "package": {
                  "version": "1.0.1",
                  "resolved": "https://registry.npmjs.org/package/-/package-1.0.1.tgz",
                  "integrity": "sha1-0lofmeJQbcsn1nBLg9yooxLk7cw="
                }
              }
            }
          }
        },
        "lodash": {
          "version": "3.10.1",
          "resolved": "https://registry.npmjs.org/lodash/-/lodash-3.10.1.tgz",
          "integrity": "sha1-W/Rejkm6QYnhfUgnid/RW9FAt7Y="
        },
        "minimatch": {
          "version": "0.2.14",
          "resolved": "https://registry.npmjs.org/minimatch/-/minimatch-0.2.14.tgz",
          "integrity": "sha1-x054BXT2PG+aCQ6Q775u9TpqdWo=",
          "requires": {
            "lru-cache": "2",
            "sigmund": "~1.0.0"
          }
        },
        "mkdirp": {
          "version": "0.5.0",
          "resolved": "https://registry.npmjs.org/mkdirp/-/mkdirp-0.5.0.tgz",
          "integrity": "sha1-HXMHam35hs2TROFecfzAWkyavxI=",
          "requires": {
            "minimist": "0.0.8"
          }
        },
        "mocha": {
          "version": "1.21.5",
          "resolved": "https://registry.npmjs.org/mocha/-/mocha-1.21.5.tgz",
          "integrity": "sha1-fFiwkXTfl25DSiOx6NY5hz/FKek=",
          "requires": {
            "commander": "2.3.0",
            "debug": "2.0.0",
            "diff": "1.0.8",
            "escape-string-regexp": "1.0.2",
            "glob": "3.2.3",
            "growl": "1.8.1",
            "jade": "0.26.3",
            "mkdirp": "0.5.0"
          }
        }
      }
    },
    "hawk": {
      "version": "1.1.1",
      "resolved": "https://registry.npmjs.org/hawk/-/hawk-1.1.1.tgz",
      "integrity": "sha1-h81JH5tG5OKurKM1QWdmiF0tHtk=",
      "optional": true,
      "requires": {
        "boom": "0.4.x",
        "cryptiles": "0.2.x",
        "hoek": "0.9.x",
        "sntp": "0.2.x"
      }
    },
    "hoek": {
      "version": "0.9.1",
      "resolved": "https://registry.npmjs.org/hoek/-/hoek-0.9.1.tgz",
      "integrity": "sha1-PTIkYrrfB3Fup+uFuviAec3c5QU="
    },
    "http-signature": {
      "version": "0.10.1",
      "resolved": "https://registry.npmjs.org/http-signature/-/http-signature-0.10.1.tgz",
      "integrity": "sha1-T72sEyVZqoMjEh5UB3nAoBKyfmY=",
      "optional": true,
      "requires": {
        "asn1": "0.1.11",
        "assert-plus": "^0.1.5",
        "ctype": "0.5.3"
      }
    },
    "inflight": {
      "version": "1.0.4",
      "resolved": "https://registry.npmjs.org/inflight/-/inflight-1.0.4.tgz",
      "integrity": "sha1-bLtFIevVHODsCpNr/XZX736bFyo=",
      "requires": {
        "once": "^1.3.0",
        "wrappy": "1"
      }
    },
    "inherits": {
      "version": "2.0.1",
      "resolved": "https://registry.npmjs.org/inherits/-/inherits-2.0.1.tgz",
      "integrity": "sha1-sX0I0ya0Qj5Wjv9xn5GwscvfafE="
    },
    "ini": {
      "version": "1.3.4",
      "resolved": "https://registry.npmjs.org/ini/-/ini-1.3.4.tgz",
      "integrity": "sha1-BTfLedr1m1mhpRff9wbIbsA5Fi4="
    },
    "is-buffer": {
      "version": "1.0.2",
      "resolved": "https://registry.npmjs.org/is-buffer/-/is-buffer-1.0.2.tgz",
      "integrity": "sha1-9cbAUdc/hvEbTuFCZ8wQKfziYdA="
    },
    "isarray": {
      "version": "0.0.1",
      "resolved": "https://registry.npmjs.org/isarray/-/isarray-0.0.1.tgz",
      "integrity": "sha1-ihis/Kmo9Bd+Cav8YDiTmwXR7t8="
    },
    "jade": {
      "version": "0.26.3",
      "resolved": "https://registry.npmjs.org/jade/-/jade-0.26.3.tgz",
      "integrity": "sha1-jxDXl32NefL2/4YqgbBRPMslaGw=",
      "requires": {
        "commander": "0.6.1",
        "mkdirp": "0.3.0"
      },
      "dependencies": {
        "commander": {
          "version": "0.6.1",
          "resolved": "https://registry.npmjs.org/commander/-/commander-0.6.1.tgz",
          "integrity": "sha1-+mihT2qUXVTbvlDYzbMyDp47GgY="
        },
        "mkdirp": {
          "version": "0.3.0",
          "resolved": "https://registry.npmjs.org/mkdirp/-/mkdirp-0.3.0.tgz",
          "integrity": "sha1-G79asbqCevI1dRQ0kEJkVfSB/h4="
        }
      }
    },
    "js-xpath": {
      "version": "github:dimagi/js-xpath#8e91c37fd1f27a99aeefcec53f10c71c8ba34005",
      "from": "github:dimagi/js-xpath#v0.0.2-rc1",
      "requires": {
        "biginteger": "^1.0.3"
      }
    },
    "json-stringify-safe": {
      "version": "5.0.1",
      "resolved": "https://registry.npmjs.org/json-stringify-safe/-/json-stringify-safe-5.0.1.tgz",
      "integrity": "sha1-Epai1Y/UXxmg9s4B1lcB4sc1tus="
    },
    "jsonfile": {
      "version": "2.3.0",
      "resolved": "https://registry.npmjs.org/jsonfile/-/jsonfile-2.3.0.tgz",
      "integrity": "sha1-/5wgtnuWBchS4J8pmFn0jxMMGew="
    },
    "kew": {
      "version": "0.4.0",
      "resolved": "https://registry.npmjs.org/kew/-/kew-0.4.0.tgz",
      "integrity": "sha1-2pdITxsGUCFG88YM7AWsYBLNmT8="
    },
    "lru-cache": {
      "version": "2.7.3",
      "resolved": "https://registry.npmjs.org/lru-cache/-/lru-cache-2.7.3.tgz",
      "integrity": "sha1-bUUk6LlV+V1PW1iFHOId1y+06VI="
    },
    "md5": {
      "version": "2.0.0",
      "resolved": "https://registry.npmjs.org/md5/-/md5-2.0.0.tgz",
      "integrity": "sha1-deOS4OvVqbiNx8t6k4dRN7h8ijM=",
      "requires": {
        "charenc": "~ 0.0.1",
        "crypt": "~ 0.0.1",
        "is-buffer": "~ 1.0.2"
      }
    },
    "mime": {
      "version": "1.2.11",
      "resolved": "https://registry.npmjs.org/mime/-/mime-1.2.11.tgz",
      "integrity": "sha1-WCA+7Ybjpe8XrtK32evUfwpg3RA=",
      "optional": true
    },
    "mime-types": {
      "version": "1.0.2",
      "resolved": "https://registry.npmjs.org/mime-types/-/mime-types-1.0.2.tgz",
      "integrity": "sha1-mVrhOSq4r/y/yyZB3QVOlDwNXc4="
    },
    "minimatch": {
      "version": "3.0.0",
      "resolved": "https://registry.npmjs.org/minimatch/-/minimatch-3.0.0.tgz",
      "integrity": "sha1-UjYVelHk8ATBd/s8Un/33Xjw74M=",
      "requires": {
        "brace-expansion": "^1.0.0"
      }
    },
    "minimist": {
      "version": "0.0.8",
      "resolved": "https://registry.npmjs.org/minimist/-/minimist-0.0.8.tgz",
      "integrity": "sha1-hX/Kv8M5fSYluCKCYuhqp6ARsF0="
    },
    "mkdirp": {
      "version": "0.5.1",
      "resolved": "https://registry.npmjs.org/mkdirp/-/mkdirp-0.5.1.tgz",
      "integrity": "sha1-MAV0OOrGz3+MR2fzhkjWaX11yQM=",
      "requires": {
        "minimist": "0.0.8"
      }
    },
    "mocha": {
      "version": "2.4.5",
      "resolved": "https://registry.npmjs.org/mocha/-/mocha-2.4.5.tgz",
      "integrity": "sha1-FRdo3Sh161G8gpXpgAAm6fK7OY8=",
      "requires": {
        "commander": "2.3.0",
        "debug": "2.2.0",
        "diff": "1.4.0",
        "escape-string-regexp": "1.0.2",
        "glob": "3.2.3",
        "growl": "1.8.1",
        "jade": "0.26.3",
        "mkdirp": "0.5.1",
        "supports-color": "1.2.0"
      },
      "dependencies": {
        "commander": {
          "version": "2.3.0",
          "resolved": "https://registry.npmjs.org/commander/-/commander-2.3.0.tgz",
          "integrity": "sha1-/UMOiJgy7DU7ms0d4hfBHLPu+HM="
        },
        "debug": {
          "version": "2.2.0",
          "resolved": "https://registry.npmjs.org/debug/-/debug-2.2.0.tgz",
          "integrity": "sha1-+HBX6ZWxofauaklgZkE3vFbwOdo=",
          "requires": {
            "ms": "0.7.1"
          },
          "dependencies": {
            "ms": {
              "version": "0.7.1",
              "resolved": "https://registry.npmjs.org/ms/-/ms-0.7.1.tgz",
              "integrity": "sha1-nNE8A62/8ltl7/3nzoZO6VIBcJg="
            }
          }
        },
        "diff": {
          "version": "1.4.0",
          "resolved": "https://registry.npmjs.org/diff/-/diff-1.4.0.tgz",
          "integrity": "sha1-fyjS657nsVqX79ic5j3P2qPMur8="
        },
        "escape-string-regexp": {
          "version": "1.0.2",
          "resolved": "https://registry.npmjs.org/escape-string-regexp/-/escape-string-regexp-1.0.2.tgz",
          "integrity": "sha1-Tbwv5nTnGUnK8/smlc5/LcHZqNE="
        },
        "glob": {
          "version": "3.2.3",
          "resolved": "https://registry.npmjs.org/glob/-/glob-3.2.3.tgz",
          "integrity": "sha1-4xPusknHr/qlxHUoaw4RW1mDlGc=",
          "requires": {
            "graceful-fs": "~2.0.0",
            "inherits": "2",
            "minimatch": "~0.2.11"
          },
          "dependencies": {
            "graceful-fs": {
              "version": "2.0.3",
              "resolved": "https://registry.npmjs.org/graceful-fs/-/graceful-fs-2.0.3.tgz",
              "integrity": "sha1-fNLNsiiko/Nule+mzBQt59GhNtA="
            },
            "inherits": {
              "version": "2.0.1",
              "resolved": "https://registry.npmjs.org/inherits/-/inherits-2.0.1.tgz",
              "integrity": "sha1-sX0I0ya0Qj5Wjv9xn5GwscvfafE="
            },
            "minimatch": {
              "version": "0.2.14",
              "resolved": "https://registry.npmjs.org/minimatch/-/minimatch-0.2.14.tgz",
              "integrity": "sha1-x054BXT2PG+aCQ6Q775u9TpqdWo=",
              "requires": {
                "lru-cache": "2",
                "sigmund": "~1.0.0"
              },
              "dependencies": {
                "lru-cache": {
                  "version": "2.7.3",
                  "resolved": "https://registry.npmjs.org/lru-cache/-/lru-cache-2.7.3.tgz",
                  "integrity": "sha1-bUUk6LlV+V1PW1iFHOId1y+06VI="
                },
                "sigmund": {
                  "version": "1.0.1",
                  "resolved": "https://registry.npmjs.org/sigmund/-/sigmund-1.0.1.tgz",
                  "integrity": "sha1-P/IfGYytIXX587eBhT/ZTQ0ZtZA="
                }
              }
            }
          }
        },
        "growl": {
          "version": "1.8.1",
          "resolved": "https://registry.npmjs.org/growl/-/growl-1.8.1.tgz",
          "integrity": "sha1-Sy3sjZB+k9szZiTc7AGDUC+MlCg="
        },
        "jade": {
          "version": "0.26.3",
          "resolved": "https://registry.npmjs.org/jade/-/jade-0.26.3.tgz",
          "integrity": "sha1-jxDXl32NefL2/4YqgbBRPMslaGw=",
          "requires": {
            "commander": "0.6.1",
            "mkdirp": "0.3.0"
          },
          "dependencies": {
            "commander": {
              "version": "0.6.1",
              "resolved": "https://registry.npmjs.org/commander/-/commander-0.6.1.tgz",
              "integrity": "sha1-+mihT2qUXVTbvlDYzbMyDp47GgY="
            },
            "mkdirp": {
              "version": "0.3.0",
              "resolved": "https://registry.npmjs.org/mkdirp/-/mkdirp-0.3.0.tgz",
              "integrity": "sha1-G79asbqCevI1dRQ0kEJkVfSB/h4="
            }
          }
        },
        "mkdirp": {
          "version": "0.5.1",
          "resolved": "https://registry.npmjs.org/mkdirp/-/mkdirp-0.5.1.tgz",
          "integrity": "sha1-MAV0OOrGz3+MR2fzhkjWaX11yQM=",
          "requires": {
            "minimist": "0.0.8"
          },
          "dependencies": {
            "minimist": {
              "version": "0.0.8",
              "resolved": "https://registry.npmjs.org/minimist/-/minimist-0.0.8.tgz",
              "integrity": "sha1-hX/Kv8M5fSYluCKCYuhqp6ARsF0="
            }
          }
        },
        "supports-color": {
          "version": "1.2.0",
          "resolved": "https://registry.npmjs.org/supports-color/-/supports-color-1.2.0.tgz",
          "integrity": "sha1-/x7R5hFp0Gs88tWI4YixjYhH4X4="
        }
      }
    },
    "ms": {
      "version": "0.6.2",
      "resolved": "https://registry.npmjs.org/ms/-/ms-0.6.2.tgz",
      "integrity": "sha1-2JwhJMb9wTU9Zai3e/GqxLGTcIw="
    },
    "node-uuid": {
      "version": "1.4.7",
      "resolved": "https://registry.npmjs.org/node-uuid/-/node-uuid-1.4.7.tgz",
      "integrity": "sha1-baWhdmjEs91ZYjvaEc9/pMH2Cm8="
    },
    "nopt": {
      "version": "3.0.6",
      "resolved": "https://registry.npmjs.org/nopt/-/nopt-3.0.6.tgz",
      "integrity": "sha1-xkZdvwirzU2zWTF/eaxopkayj/k=",
      "requires": {
        "abbrev": "1"
      }
    },
    "npmconf": {
      "version": "2.1.1",
      "resolved": "https://registry.npmjs.org/npmconf/-/npmconf-2.1.1.tgz",
      "integrity": "sha1-ombH5cVmlet/VcrzpacyjyRRDa4=",
      "requires": {
        "config-chain": "~1.1.8",
        "inherits": "~2.0.0",
        "ini": "^1.2.0",
        "mkdirp": "^0.5.0",
        "nopt": "~3.0.1",
        "once": "~1.3.0",
        "osenv": "^0.1.0",
        "semver": "2 || 3 || 4",
        "uid-number": "0.0.5"
      }
    },
    "oauth-sign": {
      "version": "0.4.0",
      "resolved": "https://registry.npmjs.org/oauth-sign/-/oauth-sign-0.4.0.tgz",
      "integrity": "sha1-8ilW8x6nFRqCHl8vsywRPK2Ln2k=",
      "optional": true
    },
    "once": {
      "version": "1.3.3",
      "resolved": "https://registry.npmjs.org/once/-/once-1.3.3.tgz",
      "integrity": "sha1-suJhVXzkwxTsgwTz+oJmPkKXyiA=",
      "requires": {
        "wrappy": "1"
      }
    },
    "os-homedir": {
      "version": "1.0.1",
      "resolved": "https://registry.npmjs.org/os-homedir/-/os-homedir-1.0.1.tgz",
      "integrity": "sha1-DWK99EuRb9O73PLKsZGUj7CU8Ac="
    },
    "os-tmpdir": {
      "version": "1.0.1",
      "resolved": "https://registry.npmjs.org/os-tmpdir/-/os-tmpdir-1.0.1.tgz",
      "integrity": "sha1-6bQjoe2vR5iCVi6S7XHXdDoHG24="
    },
    "osenv": {
      "version": "0.1.3",
      "resolved": "https://registry.npmjs.org/osenv/-/osenv-0.1.3.tgz",
      "integrity": "sha1-g88FxtZFj8TVrGNi6jJdkvJ1Qhc=",
      "requires": {
        "os-homedir": "^1.0.0",
        "os-tmpdir": "^1.0.0"
      }
    },
    "path-is-absolute": {
      "version": "1.0.0",
      "resolved": "https://registry.npmjs.org/path-is-absolute/-/path-is-absolute-1.0.0.tgz",
      "integrity": "sha1-Jj2tpmqz8vsQv3+dJN2PPlcO+RI="
    },
    "progress": {
      "version": "1.1.8",
      "resolved": "https://registry.npmjs.org/progress/-/progress-1.1.8.tgz",
      "integrity": "sha1-4mDHj2Fhzdmw5WzD4Khd4Xx6V74="
    },
    "proto-list": {
      "version": "1.2.4",
      "resolved": "https://registry.npmjs.org/proto-list/-/proto-list-1.2.4.tgz",
      "integrity": "sha1-IS1b/hMYMGpCD2QCuOJv85ZHqEk="
    },
    "qs": {
      "version": "1.2.2",
      "resolved": "https://registry.npmjs.org/qs/-/qs-1.2.2.tgz",
      "integrity": "sha1-GbV/8k3CqZzh+L32r82ln472H4g="
    },
    "readable-stream": {
      "version": "1.0.34",
      "resolved": "https://registry.npmjs.org/readable-stream/-/readable-stream-1.0.34.tgz",
      "integrity": "sha1-Elgg40vIQtLyqq+v5MKRbuMsFXw=",
      "requires": {
        "core-util-is": "~1.0.0",
        "inherits": "~2.0.1",
        "isarray": "0.0.1",
        "string_decoder": "~0.10.x"
      }
    },
    "request": {
      "version": "2.42.0",
      "resolved": "https://registry.npmjs.org/request/-/request-2.42.0.tgz",
      "integrity": "sha1-VyvQFIk4VkBArHqxSLlkI6BjMEo=",
      "requires": {
        "aws-sign2": "~0.5.0",
        "bl": "~0.9.0",
        "caseless": "~0.6.0",
        "forever-agent": "~0.5.0",
        "form-data": "~0.1.0",
        "hawk": "1.1.1",
        "http-signature": "~0.10.0",
        "json-stringify-safe": "~5.0.0",
        "mime-types": "~1.0.1",
        "node-uuid": "~1.4.0",
        "oauth-sign": "~0.4.0",
        "qs": "~1.2.0",
        "stringstream": "~0.0.4",
        "tough-cookie": ">=0.12.0",
        "tunnel-agent": "~0.4.0"
      }
    },
    "request-progress": {
      "version": "0.3.1",
      "resolved": "https://registry.npmjs.org/request-progress/-/request-progress-0.3.1.tgz",
      "integrity": "sha1-ByHBBdipasayzossia4tXs/Pazo=",
      "requires": {
        "throttleit": "~0.0.2"
      }
    },
    "requireindex": {
      "version": "1.1.0",
      "resolved": "https://registry.npmjs.org/requireindex/-/requireindex-1.1.0.tgz",
      "integrity": "sha1-5UBLgVV+91225JxacgBIk/4D4WI="
    },
    "rimraf": {
      "version": "2.5.2",
      "resolved": "https://registry.npmjs.org/rimraf/-/rimraf-2.5.2.tgz",
      "integrity": "sha1-YrqUf6TAtDY4Oa7+zU8PutYFlyY=",
      "requires": {
        "glob": "^7.0.0"
      }
    },
    "semver": {
      "version": "4.3.6",
      "resolved": "https://registry.npmjs.org/semver/-/semver-4.3.6.tgz",
      "integrity": "sha1-MAvG4OhjdPe6YQaLWx7NV/xlMto="
    },
    "sigmund": {
      "version": "1.0.1",
      "resolved": "https://registry.npmjs.org/sigmund/-/sigmund-1.0.1.tgz",
      "integrity": "sha1-P/IfGYytIXX587eBhT/ZTQ0ZtZA="
    },
    "sntp": {
      "version": "0.2.4",
      "resolved": "https://registry.npmjs.org/sntp/-/sntp-0.2.4.tgz",
      "integrity": "sha1-+4hfGLDzqtGJ+CSGJTa87ux1CQA=",
      "optional": true,
      "requires": {
        "hoek": "0.9.x"
      }
    },
    "source-map": {
      "version": "0.1.34",
      "resolved": "https://registry.npmjs.org/source-map/-/source-map-0.1.34.tgz",
      "integrity": "sha1-p8/omux7FoLDsZjQrPtH19CQVms=",
      "requires": {
        "amdefine": ">=0.0.4"
      }
    },
    "string_decoder": {
      "version": "0.10.31",
      "resolved": "https://registry.npmjs.org/string_decoder/-/string_decoder-0.10.31.tgz",
      "integrity": "sha1-YuIDvEF2bGwoyfyEMB2rHFMQ+pQ="
    },
    "stringstream": {
      "version": "0.0.5",
      "resolved": "https://registry.npmjs.org/stringstream/-/stringstream-0.0.5.tgz",
      "integrity": "sha1-TkhM1N5aC7vuGORjB3EKioFiGHg=",
      "optional": true
    },
    "throttleit": {
      "version": "0.0.2",
      "resolved": "https://registry.npmjs.org/throttleit/-/throttleit-0.0.2.tgz",
      "integrity": "sha1-z+34jmDADdlpe2H90qg0OptoDq8="
    },
    "tough-cookie": {
      "version": "2.2.2",
      "resolved": "https://registry.npmjs.org/tough-cookie/-/tough-cookie-2.2.2.tgz",
      "integrity": "sha1-yDoYMPTl7wuT7yo0iOck+N4Basc=",
      "optional": true
    },
    "tunnel-agent": {
      "version": "0.4.2",
      "resolved": "https://registry.npmjs.org/tunnel-agent/-/tunnel-agent-0.4.2.tgz",
      "integrity": "sha1-EQTj82rIcSXChycAZ9WC0YEzv+4="
    },
    "uglify-to-browserify": {
      "version": "1.0.2",
      "resolved": "https://registry.npmjs.org/uglify-to-browserify/-/uglify-to-browserify-1.0.2.tgz",
      "integrity": "sha1-bgkk1r2mta/jSeOabWMoUKD4grc="
    },
    "uglifyjs": {
      "version": "2.4.10",
      "resolved": "https://registry.npmjs.org/uglifyjs/-/uglifyjs-2.4.10.tgz",
      "integrity": "sha1-YyknMZ+mo9o/yR+Xc6wnv+bD7pI=",
      "requires": {
        "async": "~0.2.6",
        "source-map": "0.1.34",
        "uglify-to-browserify": "~1.0.0",
        "yargs": "~1.3.3"
      },
      "dependencies": {
        "async": {
          "version": "0.2.10",
          "resolved": "https://registry.npmjs.org/async/-/async-0.2.10.tgz",
          "integrity": "sha1-trvgsGdLnXGXCMo43owjfLUmw9E="
        }
      }
    },
    "uid-number": {
      "version": "0.0.5",
      "resolved": "https://registry.npmjs.org/uid-number/-/uid-number-0.0.5.tgz",
      "integrity": "sha1-Wj2yPvXb1VuB/ODsmirG/M3ruB4="
    },
    "which": {
      "version": "1.0.9",
      "resolved": "https://registry.npmjs.org/which/-/which-1.0.9.tgz",
      "integrity": "sha1-RgwdoPgQED0DIam2M6+eV15kSG8="
    },
    "wrappy": {
      "version": "1.0.1",
      "resolved": "https://registry.npmjs.org/wrappy/-/wrappy-1.0.1.tgz",
      "integrity": "sha1-HmWWmWXMvC20VIxrhKbyxa7dRzk="
    },
    "yargs": {
      "version": "1.3.3",
      "resolved": "https://registry.npmjs.org/yargs/-/yargs-1.3.3.tgz",
      "integrity": "sha1-BU3oth8i7v23IHBZ6u+da4P7kxo="
    }
  }
}
