# This file is autogenerated every time a new "reindex" migration is
# generated by the `makemigrations` management command. If it becomes
# outdated it can be updated by running:
#
# ./manage.py makemigrations preindex
#
# The commcare-hq automated tests require that the contents of this
# file match the current Couch views list. If that check fails on a
# GitHub PR, the PR will not be eligible for merging. You can check if
# the current state of this file will pass automated tests by running:
#
# ./manage.py makemigrations preindex --check --dry-run
#
# NOTE: Some files listed here are not meant to be included in Couch
# design documents (e.g., Python source files), but are included as a
# result of a bug in corehq.couchapps.
#
ef171550fa1557945af5 corehq/apps/app_manager/_design/filters/all_apps.js
e93976c4ff494bfc640e corehq/apps/app_manager/_design/views/applications/map.js
f881c46d351a7c581ba8 corehq/apps/app_manager/_design/views/applications_brief/map.js
8dec3f849bf1d49b1398 corehq/apps/app_manager/_design/views/builds_by_date/map.js
83d4baace1fa5a6ede96 corehq/apps/app_manager/_design/views/builds_by_date/reduce.js
75bbddd54533f81f0ca8 corehq/apps/app_manager/_design/views/saved_app/map.js
24e8ae72c6e5c58d4322 corehq/apps/builds/_design/filters/all_builds.js
e8e02909ad40921a6c08 corehq/apps/builds/_design/views/all/map.js
83d4baace1fa5a6ede96 corehq/apps/builds/_design/views/all/reduce.js
e4d8d844cdfb2c4271e5 corehq/apps/domain/_design/filters/all_docs.js
fac1f3b0e29a7c020867 corehq/apps/domain/_design/filters/all_domains.js
8e2d540d69d7df1f0313 corehq/apps/domain/_design/filters/domains_inclusive.js
7da8c06d95eb38f38952 corehq/apps/domain/_design/fulltext/snapshot_search/index.js
7867b013770bed65d558 corehq/apps/domain/_design/views/by_status/map.js
83d4baace1fa5a6ede96 corehq/apps/domain/_design/views/by_status/reduce.js
01379054eea2ae2a7e0f corehq/apps/domain/_design/views/copied_from_snapshot/map.js
fe3f949a047b7cc6ee56 corehq/apps/domain/_design/views/deleted_domains/map.js
83d4baace1fa5a6ede96 corehq/apps/domain/_design/views/deleted_domains/reduce.js
ff130f933f39c4413cbb corehq/apps/domain/_design/views/domains/map.js
83d4baace1fa5a6ede96 corehq/apps/domain/_design/views/domains/reduce.js
4b217a943ac88f66c7ab corehq/apps/domain/_design/views/not_snapshots/map.js
769390ec41abbbb32c4e corehq/apps/domain/_design/views/published_snapshots/map.js
e58f143acbb1e3b7eef3 corehq/apps/domain/_design/views/snapshots/map.js
4d967445d4a527c87d5a corehq/apps/domain/_design/views/snapshots/reduce.js
0e8749030d6b3e56bbb1 corehq/apps/groups/_design/views/all_groups/map.js
d0b4948764586bc397e8 corehq/apps/groups/_design/views/by_name/map.js
3065e7b935f238e4886e corehq/apps/groups/_design/views/by_user/map.js
7fb9ea4e96a816fac05d corehq/apps/hqadmin/_design/filters/domains_and_doc_types.js
145996e74d4496bd9633 corehq/apps/hqadmin/_design/filters/not_case_form.js
45cdca63cc12d517aee3 corehq/apps/hqmedia/_design/fulltext/audio_search/index.js
8afc0d8427fb3561a173 corehq/apps/hqmedia/_design/fulltext/image_search/index.js
1215f97c5f1b56f7a88f corehq/apps/hqmedia/_design/views/by_domain/map.js
8624c622668e208111e3 corehq/apps/hqmedia/_design/views/by_hash/map.js
368aa7f70bcda0ece4b8 corehq/apps/mobile_auth/_design/views/key_records/map.js
e4083d0b07d59f7b0e3b corehq/apps/userreports/_design/views/active_data_sources/map.js
83d4baace1fa5a6ede96 corehq/apps/userreports/_design/views/active_data_sources/reduce.js
bfb67f9222d4996aa00b corehq/apps/userreports/_design/views/data_sources_by_build_info/map.js
ae04d8c82218a9543491 corehq/apps/userreports/_design/views/data_sources_by_build_info/reduce.js
a888bd21d168178f0fbf corehq/apps/userreports/_design/views/data_sources_by_last_modified/map.js
83d4baace1fa5a6ede96 corehq/apps/userreports/_design/views/data_sources_by_last_modified/reduce.js
fec2cc4d943496417430 corehq/apps/userreports/_design/views/report_configs_by_data_source/map.js
ae04d8c82218a9543491 corehq/apps/userreports/_design/views/report_configs_by_data_source/reduce.js
7d5d1b73432d292b1962 corehq/apps/userreports/_design/views/report_configs_by_domain/map.js
83d4baace1fa5a6ede96 corehq/apps/userreports/_design/views/report_configs_by_domain/reduce.js
21ec350d103dc4ad697c corehq/apps/users/_design/filters/all_users.js
8ffe07ffb3cad2da71c7 corehq/apps/users/_design/views/by_default_phone/map.js
6548ff449797f3442175 corehq/apps/users/_design/views/by_domain/map.js
83d4baace1fa5a6ede96 corehq/apps/users/_design/views/by_domain/reduce.js
14825fca3c53a827f1a8 corehq/apps/users/_design/views/by_group/map.js
2ffa52be0d606d2f6418 corehq/apps/users/_design/views/by_username/map.js
83d4baace1fa5a6ede96 corehq/apps/users/_design/views/by_username/reduce.js
f7c62a4291403a02002a corehq/apps/users/_design/views/phone_users_by_domain/map.js
da00bc7db909365fa01f corehq/couchapps/all_docs/views/by_doc_type/map.js
ae04d8c82218a9543491 corehq/couchapps/all_docs/views/by_doc_type/reduce.js
3488b8f83f9bc1504e53 corehq/couchapps/app_translations_by_popularity/views/view/map.js
ae04d8c82218a9543491 corehq/couchapps/app_translations_by_popularity/views/view/reduce.js
8b6fd17f1654427bab47 corehq/couchapps/apps_with_submissions/views/view/map.js
ae04d8c82218a9543491 corehq/couchapps/apps_with_submissions/views/view/reduce.js
210046679de0fd02742e corehq/couchapps/by_domain_doc_type_date/views/view/map.js
ae04d8c82218a9543491 corehq/couchapps/by_domain_doc_type_date/views/view/reduce.js
c2a4b2da1c2784e249e9 corehq/couchapps/deleted_users_by_username/views/view/map.js
ae04d8c82218a9543491 corehq/couchapps/deleted_users_by_username/views/view/reduce.js
2dfc4e5ef1bb9b09e808 corehq/couchapps/doc_conflicts/tasks.py
c5ad0ebb3ca9d65340c0 corehq/couchapps/doc_conflicts/views/conflicts/map.js
76ac943828ce05f766eb corehq/couchapps/doc_conflicts/views/conflicts/reduce.js
d9acfb551176dba1b9d1 corehq/couchapps/export_instances_by_domain/views/view/map.js
ae04d8c82218a9543491 corehq/couchapps/export_instances_by_domain/views/view/reduce.js
26856940e99e9ddf74d6 corehq/couchapps/export_instances_by_is_daily_saved/views/view/map.js
ae04d8c82218a9543491 corehq/couchapps/export_instances_by_is_daily_saved/views/view/reduce.js
eec7e2f18288404411e4 corehq/couchapps/exports_forms_by_app/README.md
8f2c2c9b2c957a98e725 corehq/couchapps/exports_forms_by_app/views/view/map.js
899119e158ee039ca338 corehq/couchapps/exports_forms_by_app/views/view/reduce.js
72a070779b61f97b38bb corehq/couchapps/forms_by_app_info/views/view/map.js
83d4baace1fa5a6ede96 corehq/couchapps/forms_by_app_info/views/view/reduce.js
856876cde980284a1363 corehq/couchapps/last_modified/views/by_last_modified/map.js
ae04d8c82218a9543491 corehq/couchapps/last_modified/views/by_last_modified/reduce.js
237f5872f8f59e62bd05 corehq/couchapps/program_by_code/views/view/map.js
4dc04ae8e9353ec8050b corehq/couchapps/registry_data_sources/views/view/map.js
ae04d8c82218a9543491 corehq/couchapps/registry_data_sources/views/view/reduce.js
dc481a24b6799cc81f9d corehq/couchapps/registry_data_sources_by_last_modified/views/view/map.js
b30cf4ab3c1f92248da7 corehq/couchapps/registry_report_configs/views/view/map.js
ae04d8c82218a9543491 corehq/couchapps/registry_report_configs/views/view/reduce.js
42f2ff676c44c1b2a59c corehq/couchapps/reportconfig/views/all_notifications/map.js
ae04d8c82218a9543491 corehq/couchapps/reportconfig/views/all_notifications/reduce.js
f5029066b91220ce7ee7 corehq/couchapps/reportconfig/views/configs_by_domain/map.js
ae04d8c82218a9543491 corehq/couchapps/reportconfig/views/configs_by_domain/reduce.js
802c9529642dcead87bb corehq/couchapps/reportconfig/views/notifications_by_config/map.js
ae04d8c82218a9543491 corehq/couchapps/reportconfig/views/notifications_by_config/reduce.js
5d2c08e9deefc3c1b6fa corehq/couchapps/reportconfig/views/user_notifications/map.js
de39f16b1d92bedd249c corehq/couchapps/saved_apps_auto_generated/views/view/map.js
5d590c9bbdcebeae61d2 corehq/couchapps/schemas_by_xmlns_or_case_type/views/view/map.js
ae04d8c82218a9543491 corehq/couchapps/schemas_by_xmlns_or_case_type/views/view/reduce.js
7d2e8e33683a7c27a8df corehq/couchapps/tests/test_all_docs.py
7ae2e00ba081690d86c3 corehq/couchapps/users_extra/views/users_by_location_id/map.js
ae04d8c82218a9543491 corehq/couchapps/users_extra/views/users_by_location_id/reduce.js
